{
  "version": 4,
  "terraform_version": "1.12.2",
  "serial": 32,
  "lineage": "5fd04827-aa68-d42b-9056-3e2546784d34",
  "outputs": {},
  "resources": [
    {
      "module": "module.network",
      "mode": "data",
      "type": "azurerm_client_config",
      "name": "current",
      "provider": "module.network.provider[\"registry.terraform.io/hashicorp/azurerm\"]",
      "instances": [
        {
          "schema_version": 0,
          "attributes": {
            "client_id": "04b07795-8ddb-461a-bbee-02f9e1bf7b46",
            "id": "Y2xpZW50Q29uZmlncy9jbGllbnRJZD0wNGIwNzc5NS04ZGRiLTQ2MWEtYmJlZS0wMmY5ZTFiZjdiNDY7b2JqZWN0SWQ9YWE0MTc3ZjctNTFmMC00OWQyLWJkNDgtOTc4YzA3OWZkMzFmO3N1YnNjcmlwdGlvbklkPTBhNDhjYjVhLTJhYjktNDYzYS1iMWQ3LWI0NDc4ZGYzODZjMTt0ZW5hbnRJZD0yMWQ1MmMwOS1iNzUzLTQzYTItODE5My04YWMyNTU1MmM2MGU=",
            "object_id": "aa4177f7-51f0-49d2-bd48-978c079fd31f",
            "subscription_id": "0a48cb5a-2ab9-463a-b1d7-b4478df386c1",
            "tenant_id": "21d52c09-b753-43a2-8193-8ac25552c60e",
            "timeouts": null
          },
          "sensitive_attributes": [],
          "identity_schema_version": 0
        }
      ]
    },
    {
      "module": "module.network",
      "mode": "managed",
      "type": "azurerm_firewall",
      "name": "fw",
      "provider": "module.network.provider[\"registry.terraform.io/hashicorp/azurerm\"]",
      "instances": [
        {
          "schema_version": 0,
          "attributes": {
            "dns_proxy_enabled": false,
            "dns_servers": null,
            "firewall_policy_id": "",
            "id": "/subscriptions/0a48cb5a-2ab9-463a-b1d7-b4478df386c1/resourceGroups/rg-network-hub/providers/Microsoft.Network/azureFirewalls/fw-hub",
            "ip_configuration": [
              {
                "name": "configuration",
                "private_ip_address": "10.0.1.4",
                "public_ip_address_id": "/subscriptions/0a48cb5a-2ab9-463a-b1d7-b4478df386c1/resourceGroups/rg-network-hub/providers/Microsoft.Network/publicIPAddresses/pip-fw-hub",
                "subnet_id": "/subscriptions/0a48cb5a-2ab9-463a-b1d7-b4478df386c1/resourceGroups/rg-network-hub/providers/Microsoft.Network/virtualNetworks/vnet-hub/subnets/AzureFirewallSubnet"
              }
            ],
            "location": "centralus",
            "management_ip_configuration": [],
            "name": "fw-hub",
            "private_ip_ranges": null,
            "resource_group_name": "rg-network-hub",
            "sku_name": "AZFW_VNet",
            "sku_tier": "Standard",
            "tags": null,
            "threat_intel_mode": "Deny",
            "timeouts": null,
            "virtual_hub": [],
            "zones": null
          },
          "sensitive_attributes": [],
          "identity_schema_version": 0,
          "private": "eyJlMmJmYjczMC1lY2FhLTExZTYtOGY4OC0zNDM2M2JjN2M0YzAiOnsiY3JlYXRlIjo1NDAwMDAwMDAwMDAwLCJkZWxldGUiOjU0MDAwMDAwMDAwMDAsInJlYWQiOjMwMDAwMDAwMDAwMCwidXBkYXRlIjo1NDAwMDAwMDAwMDAwfX0=",
          "dependencies": [
            "module.network.azurerm_public_ip.firewall_pip",
            "module.network.azurerm_resource_group.hub",
            "module.network.azurerm_subnet.firewall_subnet",
            "module.network.azurerm_virtual_network.hub"
          ]
        }
      ]
    },
    {
      "module": "module.network",
      "mode": "managed",
      "type": "azurerm_network_security_group",
      "name": "spoke",
      "provider": "module.network.provider[\"registry.terraform.io/hashicorp/azurerm\"]",
      "instances": [
        {
          "schema_version": 0,
          "attributes": {
            "id": "/subscriptions/0a48cb5a-2ab9-463a-b1d7-b4478df386c1/resourceGroups/rg-ai-spoke/providers/Microsoft.Network/networkSecurityGroups/nsg-ai-spoke",
            "location": "centralus",
            "name": "nsg-ai-spoke",
            "resource_group_name": "rg-ai-spoke",
            "security_rule": [],
            "tags": null,
            "timeouts": null
          },
          "sensitive_attributes": [],
          "identity_schema_version": 0,
          "private": "eyJlMmJmYjczMC1lY2FhLTExZTYtOGY4OC0zNDM2M2JjN2M0YzAiOnsiY3JlYXRlIjoxODAwMDAwMDAwMDAwLCJkZWxldGUiOjE4MDAwMDAwMDAwMDAsInJlYWQiOjMwMDAwMDAwMDAwMCwidXBkYXRlIjoxODAwMDAwMDAwMDAwfX0=",
          "dependencies": [
            "module.network.azurerm_resource_group.spoke"
          ]
        }
      ]
    },
    {
      "module": "module.network",
      "mode": "managed",
      "type": "azurerm_network_security_rule",
      "name": "spoke_allow_https_out",
      "provider": "module.network.provider[\"registry.terraform.io/hashicorp/azurerm\"]",
      "instances": [
        {
          "schema_version": 0,
          "attributes": {
            "access": "Allow",
            "description": "",
            "destination_address_prefix": "Internet",
            "destination_address_prefixes": null,
            "destination_application_security_group_ids": null,
            "destination_port_range": "443",
            "destination_port_ranges": null,
            "direction": "Outbound",
            "id": "/subscriptions/0a48cb5a-2ab9-463a-b1d7-b4478df386c1/resourceGroups/rg-ai-spoke/providers/Microsoft.Network/networkSecurityGroups/nsg-ai-spoke/securityRules/Allow-HTTPS-Out",
            "name": "Allow-HTTPS-Out",
            "network_security_group_name": "nsg-ai-spoke",
            "priority": 100,
            "protocol": "Tcp",
            "resource_group_name": "rg-ai-spoke",
            "source_address_prefix": "VirtualNetwork",
            "source_address_prefixes": null,
            "source_application_security_group_ids": null,
            "source_port_range": "*",
            "source_port_ranges": null,
            "timeouts": null
          },
          "sensitive_attributes": [],
          "identity_schema_version": 0,
          "private": "eyJlMmJmYjczMC1lY2FhLTExZTYtOGY4OC0zNDM2M2JjN2M0YzAiOnsiY3JlYXRlIjoxODAwMDAwMDAwMDAwLCJkZWxldGUiOjE4MDAwMDAwMDAwMDAsInJlYWQiOjMwMDAwMDAwMDAwMCwidXBkYXRlIjoxODAwMDAwMDAwMDAwfX0=",
          "dependencies": [
            "module.network.azurerm_network_security_group.spoke",
            "module.network.azurerm_resource_group.spoke"
          ]
        }
      ]
    },
    {
      "module": "module.network",
      "mode": "managed",
      "type": "azurerm_private_dns_zone",
      "name": "zones",
      "provider": "module.network.provider[\"registry.terraform.io/hashicorp/azurerm\"]",
      "instances": [
        {
          "index_key": "privatelink.azure-api.net",
          "schema_version": 0,
          "attributes": {
            "id": "/subscriptions/0a48cb5a-2ab9-463a-b1d7-b4478df386c1/resourceGroups/rg-network-hub/providers/Microsoft.Network/privateDnsZones/privatelink.azure-api.net",
            "max_number_of_record_sets": 25000,
            "max_number_of_virtual_network_links": 1000,
            "max_number_of_virtual_network_links_with_registration": 100,
            "name": "privatelink.azure-api.net",
            "number_of_record_sets": 1,
            "resource_group_name": "rg-network-hub",
            "soa_record": [
              {
                "email": "azureprivatedns-host.microsoft.com",
                "expire_time": 2419200,
                "fqdn": "privatelink.azure-api.net.",
                "host_name": "azureprivatedns.net",
                "minimum_ttl": 10,
                "refresh_time": 3600,
                "retry_time": 300,
                "serial_number": 1,
                "tags": {},
                "ttl": 3600
              }
            ],
            "tags": null,
            "timeouts": null
          },
          "sensitive_attributes": [],
          "identity_schema_version": 0,
          "private": "eyJlMmJmYjczMC1lY2FhLTExZTYtOGY4OC0zNDM2M2JjN2M0YzAiOnsiY3JlYXRlIjoxODAwMDAwMDAwMDAwLCJkZWxldGUiOjE4MDAwMDAwMDAwMDAsInJlYWQiOjMwMDAwMDAwMDAwMCwidXBkYXRlIjoxODAwMDAwMDAwMDAwfX0=",
          "dependencies": [
            "module.network.azurerm_resource_group.hub"
          ]
        },
        {
          "index_key": "privatelink.blob.core.windows.net",
          "schema_version": 0,
          "attributes": {
            "id": "/subscriptions/0a48cb5a-2ab9-463a-b1d7-b4478df386c1/resourceGroups/rg-network-hub/providers/Microsoft.Network/privateDnsZones/privatelink.blob.core.windows.net",
            "max_number_of_record_sets": 25000,
            "max_number_of_virtual_network_links": 1000,
            "max_number_of_virtual_network_links_with_registration": 100,
            "name": "privatelink.blob.core.windows.net",
            "number_of_record_sets": 1,
            "resource_group_name": "rg-network-hub",
            "soa_record": [
              {
                "email": "azureprivatedns-host.microsoft.com",
                "expire_time": 2419200,
                "fqdn": "privatelink.blob.core.windows.net.",
                "host_name": "azureprivatedns.net",
                "minimum_ttl": 10,
                "refresh_time": 3600,
                "retry_time": 300,
                "serial_number": 1,
                "tags": {},
                "ttl": 3600
              }
            ],
            "tags": null,
            "timeouts": null
          },
          "sensitive_attributes": [],
          "identity_schema_version": 0,
          "private": "eyJlMmJmYjczMC1lY2FhLTExZTYtOGY4OC0zNDM2M2JjN2M0YzAiOnsiY3JlYXRlIjoxODAwMDAwMDAwMDAwLCJkZWxldGUiOjE4MDAwMDAwMDAwMDAsInJlYWQiOjMwMDAwMDAwMDAwMCwidXBkYXRlIjoxODAwMDAwMDAwMDAwfX0=",
          "dependencies": [
            "module.network.azurerm_resource_group.hub"
          ]
        },
        {
          "index_key": "privatelink.openai.azure.com",
          "schema_version": 0,
          "attributes": {
            "id": "/subscriptions/0a48cb5a-2ab9-463a-b1d7-b4478df386c1/resourceGroups/rg-network-hub/providers/Microsoft.Network/privateDnsZones/privatelink.openai.azure.com",
            "max_number_of_record_sets": 25000,
            "max_number_of_virtual_network_links": 1000,
            "max_number_of_virtual_network_links_with_registration": 100,
            "name": "privatelink.openai.azure.com",
            "number_of_record_sets": 1,
            "resource_group_name": "rg-network-hub",
            "soa_record": [
              {
                "email": "azureprivatedns-host.microsoft.com",
                "expire_time": 2419200,
                "fqdn": "privatelink.openai.azure.com.",
                "host_name": "azureprivatedns.net",
                "minimum_ttl": 10,
                "refresh_time": 3600,
                "retry_time": 300,
                "serial_number": 1,
                "tags": {},
                "ttl": 3600
              }
            ],
            "tags": null,
            "timeouts": null
          },
          "sensitive_attributes": [],
          "identity_schema_version": 0,
          "private": "eyJlMmJmYjczMC1lY2FhLTExZTYtOGY4OC0zNDM2M2JjN2M0YzAiOnsiY3JlYXRlIjoxODAwMDAwMDAwMDAwLCJkZWxldGUiOjE4MDAwMDAwMDAwMDAsInJlYWQiOjMwMDAwMDAwMDAwMCwidXBkYXRlIjoxODAwMDAwMDAwMDAwfX0=",
          "dependencies": [
            "module.network.azurerm_resource_group.hub"
          ]
        }
      ]
    },
    {
      "module": "module.network",
      "mode": "managed",
      "type": "azurerm_private_dns_zone_virtual_network_link",
      "name": "zones_link",
      "provider": "module.network.provider[\"registry.terraform.io/hashicorp/azurerm\"]",
      "instances": [
        {
          "index_key": "privatelink.azure-api.net",
          "schema_version": 0,
          "attributes": {
            "id": "/subscriptions/0a48cb5a-2ab9-463a-b1d7-b4478df386c1/resourceGroups/rg-network-hub/providers/Microsoft.Network/privateDnsZones/privatelink.azure-api.net/virtualNetworkLinks/privatelink.azure-api.net-spoke-link",
            "name": "privatelink.azure-api.net-spoke-link",
            "private_dns_zone_name": "privatelink.azure-api.net",
            "registration_enabled": false,
            "resource_group_name": "rg-network-hub",
            "tags": null,
            "timeouts": null,
            "virtual_network_id": "/subscriptions/0a48cb5a-2ab9-463a-b1d7-b4478df386c1/resourceGroups/rg-ai-spoke/providers/Microsoft.Network/virtualNetworks/vnet-ai-spoke"
          },
          "sensitive_attributes": [],
          "identity_schema_version": 0,
          "private": "eyJlMmJmYjczMC1lY2FhLTExZTYtOGY4OC0zNDM2M2JjN2M0YzAiOnsiY3JlYXRlIjoxODAwMDAwMDAwMDAwLCJkZWxldGUiOjE4MDAwMDAwMDAwMDAsInJlYWQiOjMwMDAwMDAwMDAwMCwidXBkYXRlIjoxODAwMDAwMDAwMDAwfX0=",
          "dependencies": [
            "module.network.azurerm_private_dns_zone.zones",
            "module.network.azurerm_resource_group.hub",
            "module.network.azurerm_resource_group.spoke",
            "module.network.azurerm_virtual_network.spoke"
          ]
        },
        {
          "index_key": "privatelink.blob.core.windows.net",
          "schema_version": 0,
          "attributes": {
            "id": "/subscriptions/0a48cb5a-2ab9-463a-b1d7-b4478df386c1/resourceGroups/rg-network-hub/providers/Microsoft.Network/privateDnsZones/privatelink.blob.core.windows.net/virtualNetworkLinks/privatelink.blob.core.windows.net-spoke-link",
            "name": "privatelink.blob.core.windows.net-spoke-link",
            "private_dns_zone_name": "privatelink.blob.core.windows.net",
            "registration_enabled": false,
            "resource_group_name": "rg-network-hub",
            "tags": null,
            "timeouts": null,
            "virtual_network_id": "/subscriptions/0a48cb5a-2ab9-463a-b1d7-b4478df386c1/resourceGroups/rg-ai-spoke/providers/Microsoft.Network/virtualNetworks/vnet-ai-spoke"
          },
          "sensitive_attributes": [],
          "identity_schema_version": 0,
          "private": "eyJlMmJmYjczMC1lY2FhLTExZTYtOGY4OC0zNDM2M2JjN2M0YzAiOnsiY3JlYXRlIjoxODAwMDAwMDAwMDAwLCJkZWxldGUiOjE4MDAwMDAwMDAwMDAsInJlYWQiOjMwMDAwMDAwMDAwMCwidXBkYXRlIjoxODAwMDAwMDAwMDAwfX0=",
          "dependencies": [
            "module.network.azurerm_private_dns_zone.zones",
            "module.network.azurerm_resource_group.hub",
            "module.network.azurerm_resource_group.spoke",
            "module.network.azurerm_virtual_network.spoke"
          ]
        },
        {
          "index_key": "privatelink.openai.azure.com",
          "schema_version": 0,
          "attributes": {
            "id": "/subscriptions/0a48cb5a-2ab9-463a-b1d7-b4478df386c1/resourceGroups/rg-network-hub/providers/Microsoft.Network/privateDnsZones/privatelink.openai.azure.com/virtualNetworkLinks/privatelink.openai.azure.com-spoke-link",
            "name": "privatelink.openai.azure.com-spoke-link",
            "private_dns_zone_name": "privatelink.openai.azure.com",
            "registration_enabled": false,
            "resource_group_name": "rg-network-hub",
            "tags": null,
            "timeouts": null,
            "virtual_network_id": "/subscriptions/0a48cb5a-2ab9-463a-b1d7-b4478df386c1/resourceGroups/rg-ai-spoke/providers/Microsoft.Network/virtualNetworks/vnet-ai-spoke"
          },
          "sensitive_attributes": [],
          "identity_schema_version": 0,
          "private": "eyJlMmJmYjczMC1lY2FhLTExZTYtOGY4OC0zNDM2M2JjN2M0YzAiOnsiY3JlYXRlIjoxODAwMDAwMDAwMDAwLCJkZWxldGUiOjE4MDAwMDAwMDAwMDAsInJlYWQiOjMwMDAwMDAwMDAwMCwidXBkYXRlIjoxODAwMDAwMDAwMDAwfX0=",
          "dependencies": [
            "module.network.azurerm_private_dns_zone.zones",
            "module.network.azurerm_resource_group.hub",
            "module.network.azurerm_resource_group.spoke",
            "module.network.azurerm_virtual_network.spoke"
          ]
        }
      ]
    },
    {
      "module": "module.network",
      "mode": "managed",
      "type": "azurerm_public_ip",
      "name": "firewall_pip",
      "provider": "module.network.provider[\"registry.terraform.io/hashicorp/azurerm\"]",
      "instances": [
        {
          "schema_version": 0,
          "attributes": {
            "allocation_method": "Static",
            "ddos_protection_mode": "VirtualNetworkInherited",
            "ddos_protection_plan_id": null,
            "domain_name_label": null,
            "edge_zone": "",
            "fqdn": null,
            "id": "/subscriptions/0a48cb5a-2ab9-463a-b1d7-b4478df386c1/resourceGroups/rg-network-hub/providers/Microsoft.Network/publicIPAddresses/pip-fw-hub",
            "idle_timeout_in_minutes": 4,
            "ip_address": "74.249.250.144",
            "ip_tags": null,
            "ip_version": "IPv4",
            "location": "centralus",
            "name": "pip-fw-hub",
            "public_ip_prefix_id": null,
            "resource_group_name": "rg-network-hub",
            "reverse_fqdn": null,
            "sku": "Standard",
            "sku_tier": "Regional",
            "tags": null,
            "timeouts": null,
            "zones": null
          },
          "sensitive_attributes": [],
          "identity_schema_version": 0,
          "private": "eyJlMmJmYjczMC1lY2FhLTExZTYtOGY4OC0zNDM2M2JjN2M0YzAiOnsiY3JlYXRlIjoxODAwMDAwMDAwMDAwLCJkZWxldGUiOjE4MDAwMDAwMDAwMDAsInJlYWQiOjMwMDAwMDAwMDAwMCwidXBkYXRlIjoxODAwMDAwMDAwMDAwfX0=",
          "dependencies": [
            "module.network.azurerm_resource_group.hub"
          ]
        }
      ]
    },
    {
      "module": "module.network",
      "mode": "managed",
      "type": "azurerm_resource_group",
      "name": "hub",
      "provider": "module.network.provider[\"registry.terraform.io/hashicorp/azurerm\"]",
      "instances": [
        {
          "schema_version": 0,
          "attributes": {
            "id": "/subscriptions/0a48cb5a-2ab9-463a-b1d7-b4478df386c1/resourceGroups/rg-network-hub",
            "location": "centralus",
            "managed_by": "",
            "name": "rg-network-hub",
            "tags": null,
            "timeouts": null
          },
          "sensitive_attributes": [],
          "identity_schema_version": 0,
          "private": "eyJlMmJmYjczMC1lY2FhLTExZTYtOGY4OC0zNDM2M2JjN2M0YzAiOnsiY3JlYXRlIjo1NDAwMDAwMDAwMDAwLCJkZWxldGUiOjU0MDAwMDAwMDAwMDAsInJlYWQiOjMwMDAwMDAwMDAwMCwidXBkYXRlIjo1NDAwMDAwMDAwMDAwfX0="
        }
      ]
    },
    {
      "module": "module.network",
      "mode": "managed",
      "type": "azurerm_resource_group",
      "name": "spoke",
      "provider": "module.network.provider[\"registry.terraform.io/hashicorp/azurerm\"]",
      "instances": [
        {
          "schema_version": 0,
          "attributes": {
            "id": "/subscriptions/0a48cb5a-2ab9-463a-b1d7-b4478df386c1/resourceGroups/rg-ai-spoke",
            "location": "centralus",
            "managed_by": "",
            "name": "rg-ai-spoke",
            "tags": null,
            "timeouts": null
          },
          "sensitive_attributes": [],
          "identity_schema_version": 0,
          "private": "eyJlMmJmYjczMC1lY2FhLTExZTYtOGY4OC0zNDM2M2JjN2M0YzAiOnsiY3JlYXRlIjo1NDAwMDAwMDAwMDAwLCJkZWxldGUiOjU0MDAwMDAwMDAwMDAsInJlYWQiOjMwMDAwMDAwMDAwMCwidXBkYXRlIjo1NDAwMDAwMDAwMDAwfX0="
        }
      ]
    },
    {
      "module": "module.network",
      "mode": "managed",
      "type": "azurerm_route_table",
      "name": "spoke_to_fw",
      "provider": "module.network.provider[\"registry.terraform.io/hashicorp/azurerm\"]",
      "instances": [
        {
          "schema_version": 0,
          "attributes": {
            "bgp_route_propagation_enabled": true,
            "disable_bgp_route_propagation": false,
            "id": "/subscriptions/0a48cb5a-2ab9-463a-b1d7-b4478df386c1/resourceGroups/rg-ai-spoke/providers/Microsoft.Network/routeTables/rt-spoke-egress",
            "location": "centralus",
            "name": "rt-spoke-egress",
            "resource_group_name": "rg-ai-spoke",
            "route": [
              {
                "address_prefix": "0.0.0.0/0",
                "name": "DefaultRoute",
                "next_hop_in_ip_address": "10.0.1.4",
                "next_hop_type": "VirtualAppliance"
              }
            ],
            "subnets": [],
            "tags": null,
            "timeouts": null
          },
          "sensitive_attributes": [],
          "identity_schema_version": 0,
          "private": "eyJlMmJmYjczMC1lY2FhLTExZTYtOGY4OC0zNDM2M2JjN2M0YzAiOnsiY3JlYXRlIjoxODAwMDAwMDAwMDAwLCJkZWxldGUiOjE4MDAwMDAwMDAwMDAsInJlYWQiOjMwMDAwMDAwMDAwMCwidXBkYXRlIjoxODAwMDAwMDAwMDAwfX0=",
          "dependencies": [
            "module.network.azurerm_firewall.fw",
            "module.network.azurerm_public_ip.firewall_pip",
            "module.network.azurerm_resource_group.hub",
            "module.network.azurerm_resource_group.spoke",
            "module.network.azurerm_subnet.firewall_subnet",
            "module.network.azurerm_virtual_network.hub"
          ]
        }
      ]
    },
    {
      "module": "module.network",
      "mode": "managed",
      "type": "azurerm_subnet",
      "name": "firewall_subnet",
      "provider": "module.network.provider[\"registry.terraform.io/hashicorp/azurerm\"]",
      "instances": [
        {
          "schema_version": 0,
          "attributes": {
            "address_prefixes": [
              "10.0.1.0/26"
            ],
            "default_outbound_access_enabled": true,
            "delegation": [],
            "enforce_private_link_endpoint_network_policies": false,
            "enforce_private_link_service_network_policies": false,
            "id": "/subscriptions/0a48cb5a-2ab9-463a-b1d7-b4478df386c1/resourceGroups/rg-network-hub/providers/Microsoft.Network/virtualNetworks/vnet-hub/subnets/AzureFirewallSubnet",
            "name": "AzureFirewallSubnet",
            "private_endpoint_network_policies": "Enabled",
            "private_endpoint_network_policies_enabled": true,
            "private_link_service_network_policies_enabled": true,
            "resource_group_name": "rg-network-hub",
            "service_endpoint_policy_ids": null,
            "service_endpoints": null,
            "timeouts": null,
            "virtual_network_name": "vnet-hub"
          },
          "sensitive_attributes": [],
          "identity_schema_version": 0,
          "private": "eyJlMmJmYjczMC1lY2FhLTExZTYtOGY4OC0zNDM2M2JjN2M0YzAiOnsiY3JlYXRlIjoxODAwMDAwMDAwMDAwLCJkZWxldGUiOjE4MDAwMDAwMDAwMDAsInJlYWQiOjMwMDAwMDAwMDAwMCwidXBkYXRlIjoxODAwMDAwMDAwMDAwfX0=",
          "dependencies": [
            "module.network.azurerm_resource_group.hub",
            "module.network.azurerm_virtual_network.hub"
          ]
        }
      ]
    },
    {
      "module": "module.network",
      "mode": "managed",
      "type": "azurerm_subnet",
      "name": "gateway",
      "provider": "module.network.provider[\"registry.terraform.io/hashicorp/azurerm\"]",
      "instances": [
        {
          "schema_version": 0,
          "attributes": {
            "address_prefixes": [
              "10.1.0.128/25"
            ],
            "default_outbound_access_enabled": true,
            "delegation": [],
            "enforce_private_link_endpoint_network_policies": false,
            "enforce_private_link_service_network_policies": false,
            "id": "/subscriptions/0a48cb5a-2ab9-463a-b1d7-b4478df386c1/resourceGroups/rg-ai-spoke/providers/Microsoft.Network/virtualNetworks/vnet-ai-spoke/subnets/snet-gateway",
            "name": "snet-gateway",
            "private_endpoint_network_policies": "Enabled",
            "private_endpoint_network_policies_enabled": true,
            "private_link_service_network_policies_enabled": true,
            "resource_group_name": "rg-ai-spoke",
            "service_endpoint_policy_ids": null,
            "service_endpoints": null,
            "timeouts": null,
            "virtual_network_name": "vnet-ai-spoke"
          },
          "sensitive_attributes": [],
          "identity_schema_version": 0,
          "private": "eyJlMmJmYjczMC1lY2FhLTExZTYtOGY4OC0zNDM2M2JjN2M0YzAiOnsiY3JlYXRlIjoxODAwMDAwMDAwMDAwLCJkZWxldGUiOjE4MDAwMDAwMDAwMDAsInJlYWQiOjMwMDAwMDAwMDAwMCwidXBkYXRlIjoxODAwMDAwMDAwMDAwfX0=",
          "dependencies": [
            "module.network.azurerm_resource_group.spoke",
            "module.network.azurerm_virtual_network.spoke"
          ]
        }
      ]
    },
    {
      "module": "module.network",
      "mode": "managed",
      "type": "azurerm_subnet",
      "name": "pe",
      "provider": "module.network.provider[\"registry.terraform.io/hashicorp/azurerm\"]",
      "instances": [
        {
          "schema_version": 0,
          "attributes": {
            "address_prefixes": [
              "10.1.0.0/25"
            ],
            "default_outbound_access_enabled": true,
            "delegation": [],
            "enforce_private_link_endpoint_network_policies": false,
            "enforce_private_link_service_network_policies": false,
            "id": "/subscriptions/0a48cb5a-2ab9-463a-b1d7-b4478df386c1/resourceGroups/rg-ai-spoke/providers/Microsoft.Network/virtualNetworks/vnet-ai-spoke/subnets/snet-pe",
            "name": "snet-pe",
            "private_endpoint_network_policies": "Enabled",
            "private_endpoint_network_policies_enabled": true,
            "private_link_service_network_policies_enabled": true,
            "resource_group_name": "rg-ai-spoke",
            "service_endpoint_policy_ids": null,
            "service_endpoints": null,
            "timeouts": null,
            "virtual_network_name": "vnet-ai-spoke"
          },
          "sensitive_attributes": [],
          "identity_schema_version": 0,
          "private": "eyJlMmJmYjczMC1lY2FhLTExZTYtOGY4OC0zNDM2M2JjN2M0YzAiOnsiY3JlYXRlIjoxODAwMDAwMDAwMDAwLCJkZWxldGUiOjE4MDAwMDAwMDAwMDAsInJlYWQiOjMwMDAwMDAwMDAwMCwidXBkYXRlIjoxODAwMDAwMDAwMDAwfX0=",
          "dependencies": [
            "module.network.azurerm_resource_group.spoke",
            "module.network.azurerm_virtual_network.spoke"
          ]
        }
      ]
    },
    {
      "module": "module.network",
      "mode": "managed",
      "type": "azurerm_subnet_network_security_group_association",
      "name": "gateway_assoc",
      "provider": "module.network.provider[\"registry.terraform.io/hashicorp/azurerm\"]",
      "instances": [
        {
          "schema_version": 0,
          "attributes": {
            "id": "/subscriptions/0a48cb5a-2ab9-463a-b1d7-b4478df386c1/resourceGroups/rg-ai-spoke/providers/Microsoft.Network/virtualNetworks/vnet-ai-spoke/subnets/snet-gateway",
            "network_security_group_id": "/subscriptions/0a48cb5a-2ab9-463a-b1d7-b4478df386c1/resourceGroups/rg-ai-spoke/providers/Microsoft.Network/networkSecurityGroups/nsg-ai-spoke",
            "subnet_id": "/subscriptions/0a48cb5a-2ab9-463a-b1d7-b4478df386c1/resourceGroups/rg-ai-spoke/providers/Microsoft.Network/virtualNetworks/vnet-ai-spoke/subnets/snet-gateway",
            "timeouts": null
          },
          "sensitive_attributes": [],
          "identity_schema_version": 0,
          "private": "eyJlMmJmYjczMC1lY2FhLTExZTYtOGY4OC0zNDM2M2JjN2M0YzAiOnsiY3JlYXRlIjoxODAwMDAwMDAwMDAwLCJkZWxldGUiOjE4MDAwMDAwMDAwMDAsInJlYWQiOjMwMDAwMDAwMDAwMH19",
          "dependencies": [
            "module.network.azurerm_network_security_group.spoke",
            "module.network.azurerm_resource_group.spoke",
            "module.network.azurerm_subnet.gateway",
            "module.network.azurerm_virtual_network.spoke"
          ]
        }
      ]
    },
    {
      "module": "module.network",
      "mode": "managed",
      "type": "azurerm_subnet_network_security_group_association",
      "name": "pe_assoc",
      "provider": "module.network.provider[\"registry.terraform.io/hashicorp/azurerm\"]",
      "instances": [
        {
          "schema_version": 0,
          "attributes": {
            "id": "/subscriptions/0a48cb5a-2ab9-463a-b1d7-b4478df386c1/resourceGroups/rg-ai-spoke/providers/Microsoft.Network/virtualNetworks/vnet-ai-spoke/subnets/snet-pe",
            "network_security_group_id": "/subscriptions/0a48cb5a-2ab9-463a-b1d7-b4478df386c1/resourceGroups/rg-ai-spoke/providers/Microsoft.Network/networkSecurityGroups/nsg-ai-spoke",
            "subnet_id": "/subscriptions/0a48cb5a-2ab9-463a-b1d7-b4478df386c1/resourceGroups/rg-ai-spoke/providers/Microsoft.Network/virtualNetworks/vnet-ai-spoke/subnets/snet-pe",
            "timeouts": null
          },
          "sensitive_attributes": [],
          "identity_schema_version": 0,
          "private": "eyJlMmJmYjczMC1lY2FhLTExZTYtOGY4OC0zNDM2M2JjN2M0YzAiOnsiY3JlYXRlIjoxODAwMDAwMDAwMDAwLCJkZWxldGUiOjE4MDAwMDAwMDAwMDAsInJlYWQiOjMwMDAwMDAwMDAwMH19",
          "dependencies": [
            "module.network.azurerm_network_security_group.spoke",
            "module.network.azurerm_resource_group.spoke",
            "module.network.azurerm_subnet.pe",
            "module.network.azurerm_virtual_network.spoke"
          ]
        }
      ]
    },
    {
      "module": "module.network",
      "mode": "managed",
      "type": "azurerm_subnet_route_table_association",
      "name": "gateway_rta",
      "provider": "module.network.provider[\"registry.terraform.io/hashicorp/azurerm\"]",
      "instances": [
        {
          "schema_version": 0,
          "attributes": {
            "id": "/subscriptions/0a48cb5a-2ab9-463a-b1d7-b4478df386c1/resourceGroups/rg-ai-spoke/providers/Microsoft.Network/virtualNetworks/vnet-ai-spoke/subnets/snet-gateway",
            "route_table_id": "/subscriptions/0a48cb5a-2ab9-463a-b1d7-b4478df386c1/resourceGroups/rg-ai-spoke/providers/Microsoft.Network/routeTables/rt-spoke-egress",
            "subnet_id": "/subscriptions/0a48cb5a-2ab9-463a-b1d7-b4478df386c1/resourceGroups/rg-ai-spoke/providers/Microsoft.Network/virtualNetworks/vnet-ai-spoke/subnets/snet-gateway",
            "timeouts": null
          },
          "sensitive_attributes": [],
          "identity_schema_version": 0,
          "private": "eyJlMmJmYjczMC1lY2FhLTExZTYtOGY4OC0zNDM2M2JjN2M0YzAiOnsiY3JlYXRlIjoxODAwMDAwMDAwMDAwLCJkZWxldGUiOjE4MDAwMDAwMDAwMDAsInJlYWQiOjMwMDAwMDAwMDAwMH19",
          "dependencies": [
            "module.network.azurerm_firewall.fw",
            "module.network.azurerm_public_ip.firewall_pip",
            "module.network.azurerm_resource_group.hub",
            "module.network.azurerm_resource_group.spoke",
            "module.network.azurerm_route_table.spoke_to_fw",
            "module.network.azurerm_subnet.firewall_subnet",
            "module.network.azurerm_subnet.gateway",
            "module.network.azurerm_virtual_network.hub",
            "module.network.azurerm_virtual_network.spoke"
          ]
        }
      ]
    },
    {
      "module": "module.network",
      "mode": "managed",
      "type": "azurerm_subnet_route_table_association",
      "name": "pe_rta",
      "provider": "module.network.provider[\"registry.terraform.io/hashicorp/azurerm\"]",
      "instances": [
        {
          "schema_version": 0,
          "attributes": {
            "id": "/subscriptions/0a48cb5a-2ab9-463a-b1d7-b4478df386c1/resourceGroups/rg-ai-spoke/providers/Microsoft.Network/virtualNetworks/vnet-ai-spoke/subnets/snet-pe",
            "route_table_id": "/subscriptions/0a48cb5a-2ab9-463a-b1d7-b4478df386c1/resourceGroups/rg-ai-spoke/providers/Microsoft.Network/routeTables/rt-spoke-egress",
            "subnet_id": "/subscriptions/0a48cb5a-2ab9-463a-b1d7-b4478df386c1/resourceGroups/rg-ai-spoke/providers/Microsoft.Network/virtualNetworks/vnet-ai-spoke/subnets/snet-pe",
            "timeouts": null
          },
          "sensitive_attributes": [],
          "identity_schema_version": 0,
          "private": "eyJlMmJmYjczMC1lY2FhLTExZTYtOGY4OC0zNDM2M2JjN2M0YzAiOnsiY3JlYXRlIjoxODAwMDAwMDAwMDAwLCJkZWxldGUiOjE4MDAwMDAwMDAwMDAsInJlYWQiOjMwMDAwMDAwMDAwMH19",
          "dependencies": [
            "module.network.azurerm_firewall.fw",
            "module.network.azurerm_public_ip.firewall_pip",
            "module.network.azurerm_resource_group.hub",
            "module.network.azurerm_resource_group.spoke",
            "module.network.azurerm_route_table.spoke_to_fw",
            "module.network.azurerm_subnet.firewall_subnet",
            "module.network.azurerm_subnet.pe",
            "module.network.azurerm_virtual_network.hub",
            "module.network.azurerm_virtual_network.spoke"
          ]
        }
      ]
    },
    {
      "module": "module.network",
      "mode": "managed",
      "type": "azurerm_virtual_network",
      "name": "hub",
      "provider": "module.network.provider[\"registry.terraform.io/hashicorp/azurerm\"]",
      "instances": [
        {
          "schema_version": 0,
          "attributes": {
            "address_space": [
              "10.0.0.0/20"
            ],
            "bgp_community": "",
            "ddos_protection_plan": [],
            "dns_servers": [],
            "edge_zone": "",
            "encryption": [],
            "flow_timeout_in_minutes": 0,
            "guid": "379ce283-42e5-4274-a65c-23abf3dffa27",
            "id": "/subscriptions/0a48cb5a-2ab9-463a-b1d7-b4478df386c1/resourceGroups/rg-network-hub/providers/Microsoft.Network/virtualNetworks/vnet-hub",
            "location": "centralus",
            "name": "vnet-hub",
            "resource_group_name": "rg-network-hub",
            "subnet": [],
            "tags": null,
            "timeouts": null
          },
          "sensitive_attributes": [],
          "identity_schema_version": 0,
          "private": "eyJlMmJmYjczMC1lY2FhLTExZTYtOGY4OC0zNDM2M2JjN2M0YzAiOnsiY3JlYXRlIjoxODAwMDAwMDAwMDAwLCJkZWxldGUiOjE4MDAwMDAwMDAwMDAsInJlYWQiOjMwMDAwMDAwMDAwMCwidXBkYXRlIjoxODAwMDAwMDAwMDAwfX0=",
          "dependencies": [
            "module.network.azurerm_resource_group.hub"
          ]
        }
      ]
    },
    {
      "module": "module.network",
      "mode": "managed",
      "type": "azurerm_virtual_network",
      "name": "spoke",
      "provider": "module.network.provider[\"registry.terraform.io/hashicorp/azurerm\"]",
      "instances": [
        {
          "schema_version": 0,
          "attributes": {
            "address_space": [
              "10.1.0.0/22"
            ],
            "bgp_community": "",
            "ddos_protection_plan": [],
            "dns_servers": [],
            "edge_zone": "",
            "encryption": [],
            "flow_timeout_in_minutes": 0,
            "guid": "e3959ab3-1730-4199-8287-f9c081bb43a2",
            "id": "/subscriptions/0a48cb5a-2ab9-463a-b1d7-b4478df386c1/resourceGroups/rg-ai-spoke/providers/Microsoft.Network/virtualNetworks/vnet-ai-spoke",
            "location": "centralus",
            "name": "vnet-ai-spoke",
            "resource_group_name": "rg-ai-spoke",
            "subnet": [],
            "tags": null,
            "timeouts": null
          },
          "sensitive_attributes": [],
          "identity_schema_version": 0,
          "private": "eyJlMmJmYjczMC1lY2FhLTExZTYtOGY4OC0zNDM2M2JjN2M0YzAiOnsiY3JlYXRlIjoxODAwMDAwMDAwMDAwLCJkZWxldGUiOjE4MDAwMDAwMDAwMDAsInJlYWQiOjMwMDAwMDAwMDAwMCwidXBkYXRlIjoxODAwMDAwMDAwMDAwfX0=",
          "dependencies": [
            "module.network.azurerm_resource_group.spoke"
          ]
        }
      ]
    },
    {
      "module": "module.network",
      "mode": "managed",
      "type": "azurerm_virtual_network_peering",
      "name": "hub_to_spoke",
      "provider": "module.network.provider[\"registry.terraform.io/hashicorp/azurerm\"]",
      "instances": [
        {
          "schema_version": 0,
          "attributes": {
            "allow_forwarded_traffic": true,
            "allow_gateway_transit": false,
            "allow_virtual_network_access": true,
            "id": "/subscriptions/0a48cb5a-2ab9-463a-b1d7-b4478df386c1/resourceGroups/rg-network-hub/providers/Microsoft.Network/virtualNetworks/vnet-hub/virtualNetworkPeerings/hub-to-spoke",
            "local_subnet_names": null,
            "name": "hub-to-spoke",
            "only_ipv6_peering_enabled": false,
            "peer_complete_virtual_networks_enabled": true,
            "remote_subnet_names": null,
            "remote_virtual_network_id": "/subscriptions/0a48cb5a-2ab9-463a-b1d7-b4478df386c1/resourceGroups/rg-ai-spoke/providers/Microsoft.Network/virtualNetworks/vnet-ai-spoke",
            "resource_group_name": "rg-network-hub",
            "timeouts": null,
            "triggers": null,
            "use_remote_gateways": false,
            "virtual_network_name": "vnet-hub"
          },
          "sensitive_attributes": [],
          "identity_schema_version": 0,
          "private": "eyJlMmJmYjczMC1lY2FhLTExZTYtOGY4OC0zNDM2M2JjN2M0YzAiOnsiY3JlYXRlIjoxODAwMDAwMDAwMDAwLCJkZWxldGUiOjE4MDAwMDAwMDAwMDAsInJlYWQiOjMwMDAwMDAwMDAwMCwidXBkYXRlIjoxODAwMDAwMDAwMDAwfX0=",
          "dependencies": [
            "module.network.azurerm_resource_group.hub",
            "module.network.azurerm_resource_group.spoke",
            "module.network.azurerm_virtual_network.hub",
            "module.network.azurerm_virtual_network.spoke"
          ]
        }
      ]
    },
    {
      "module": "module.network",
      "mode": "managed",
      "type": "azurerm_virtual_network_peering",
      "name": "spoke_to_hub",
      "provider": "module.network.provider[\"registry.terraform.io/hashicorp/azurerm\"]",
      "instances": [
        {
          "schema_version": 0,
          "attributes": {
            "allow_forwarded_traffic": true,
            "allow_gateway_transit": false,
            "allow_virtual_network_access": true,
            "id": "/subscriptions/0a48cb5a-2ab9-463a-b1d7-b4478df386c1/resourceGroups/rg-ai-spoke/providers/Microsoft.Network/virtualNetworks/vnet-ai-spoke/virtualNetworkPeerings/spoke-to-hub",
            "local_subnet_names": null,
            "name": "spoke-to-hub",
            "only_ipv6_peering_enabled": false,
            "peer_complete_virtual_networks_enabled": true,
            "remote_subnet_names": null,
            "remote_virtual_network_id": "/subscriptions/0a48cb5a-2ab9-463a-b1d7-b4478df386c1/resourceGroups/rg-network-hub/providers/Microsoft.Network/virtualNetworks/vnet-hub",
            "resource_group_name": "rg-ai-spoke",
            "timeouts": null,
            "triggers": null,
            "use_remote_gateways": false,
            "virtual_network_name": "vnet-ai-spoke"
          },
          "sensitive_attributes": [],
          "identity_schema_version": 0,
          "private": "eyJlMmJmYjczMC1lY2FhLTExZTYtOGY4OC0zNDM2M2JjN2M0YzAiOnsiY3JlYXRlIjoxODAwMDAwMDAwMDAwLCJkZWxldGUiOjE4MDAwMDAwMDAwMDAsInJlYWQiOjMwMDAwMDAwMDAwMCwidXBkYXRlIjoxODAwMDAwMDAwMDAwfX0=",
          "dependencies": [
            "module.network.azurerm_resource_group.hub",
            "module.network.azurerm_resource_group.spoke",
            "module.network.azurerm_virtual_network.hub",
            "module.network.azurerm_virtual_network.spoke"
          ]
        }
      ]
    },
    {
      "module": "module.observability",
      "mode": "managed",
      "type": "azurerm_log_analytics_workspace",
      "name": "law",
      "provider": "module.observability.provider[\"registry.terraform.io/hashicorp/azurerm\"]",
      "instances": [
        {
          "schema_version": 3,
          "attributes": {
            "allow_resource_only_permissions": true,
            "cmk_for_query_forced": false,
            "daily_quota_gb": -1,
            "data_collection_rule_id": "",
            "id": "/subscriptions/0a48cb5a-2ab9-463a-b1d7-b4478df386c1/resourceGroups/rg-network-hub/providers/Microsoft.OperationalInsights/workspaces/law-ai-9b751b",
            "identity": [],
            "immediate_data_purge_on_30_days_enabled": false,
            "internet_ingestion_enabled": true,
            "internet_query_enabled": true,
            "local_authentication_disabled": false,
            "location": "centralus",
            "name": "law-ai-9b751b",
            "primary_shared_key": "eIHmWeHvRbQb5OTQiC0OGpq+P7yItFXmDY4Rt2bcPWBZG3cdjjsQQoHJsfqiOPo8yjRuUWekf1wvbVAbKk16PA==",
            "reservation_capacity_in_gb_per_day": null,
            "resource_group_name": "rg-network-hub",
            "retention_in_days": 365,
            "secondary_shared_key": "3tDnT1ewYs25nAOA7Pd0JPl2lMSivdSIhhyJA6VCmDvNum1pZZWsI1D77hSY5mE6hoqIAFTfnDOVDLok87RBsg==",
            "sku": "PerGB2018",
            "tags": null,
            "timeouts": null,
            "workspace_id": "3e232dbe-47c5-4267-94e5-0282e6d3199c"
          },
          "sensitive_attributes": [
            [
              {
                "type": "get_attr",
                "value": "primary_shared_key"
              }
            ],
            [
              {
                "type": "get_attr",
                "value": "secondary_shared_key"
              }
            ]
          ],
          "identity_schema_version": 0,
          "private": "eyJlMmJmYjczMC1lY2FhLTExZTYtOGY4OC0zNDM2M2JjN2M0YzAiOnsiY3JlYXRlIjoxODAwMDAwMDAwMDAwLCJkZWxldGUiOjE4MDAwMDAwMDAwMDAsInJlYWQiOjMwMDAwMDAwMDAwMCwidXBkYXRlIjoxODAwMDAwMDAwMDAwfSwic2NoZW1hX3ZlcnNpb24iOiIzIn0=",
          "dependencies": [
            "module.network.azurerm_resource_group.hub"
          ]
        }
      ]
    },
    {
      "module": "module.observability",
      "mode": "managed",
      "type": "azurerm_storage_account",
      "name": "diag",
      "provider": "module.observability.provider[\"registry.terraform.io/hashicorp/azurerm\"]",
      "instances": [
        {
          "status": "tainted",
          "schema_version": 4,
          "attributes": {
            "access_tier": null,
            "account_kind": "StorageV2",
            "account_replication_type": "GRS",
            "account_tier": "Standard",
            "allow_nested_items_to_be_public": false,
            "allowed_copy_scope": null,
            "azure_files_authentication": [],
            "blob_properties": null,
            "cross_tenant_replication_enabled": true,
            "custom_domain": [],
            "customer_managed_key": [],
            "default_to_oauth_authentication": false,
            "dns_endpoint_type": "Standard",
            "edge_zone": null,
            "enable_https_traffic_only": null,
            "https_traffic_only_enabled": null,
            "id": "/subscriptions/0a48cb5a-2ab9-463a-b1d7-b4478df386c1/resourceGroups/rg-network-hub/providers/Microsoft.Storage/storageAccounts/stdiagf0def5f7",
            "identity": [],
            "immutability_policy": [],
            "infrastructure_encryption_enabled": true,
            "is_hns_enabled": false,
            "large_file_share_enabled": null,
            "local_user_enabled": true,
            "location": "centralus",
            "min_tls_version": "TLS1_2",
            "name": "stdiagf0def5f7",
            "network_rules": null,
            "nfsv3_enabled": false,
            "primary_access_key": null,
            "primary_blob_connection_string": null,
            "primary_blob_endpoint": null,
            "primary_blob_host": null,
            "primary_blob_internet_endpoint": null,
            "primary_blob_internet_host": null,
            "primary_blob_microsoft_endpoint": null,
            "primary_blob_microsoft_host": null,
            "primary_connection_string": null,
            "primary_dfs_endpoint": null,
            "primary_dfs_host": null,
            "primary_dfs_internet_endpoint": null,
            "primary_dfs_internet_host": null,
            "primary_dfs_microsoft_endpoint": null,
            "primary_dfs_microsoft_host": null,
            "primary_file_endpoint": null,
            "primary_file_host": null,
            "primary_file_internet_endpoint": null,
            "primary_file_internet_host": null,
            "primary_file_microsoft_endpoint": null,
            "primary_file_microsoft_host": null,
            "primary_location": null,
            "primary_queue_endpoint": null,
            "primary_queue_host": null,
            "primary_queue_microsoft_endpoint": null,
            "primary_queue_microsoft_host": null,
            "primary_table_endpoint": null,
            "primary_table_host": null,
            "primary_table_microsoft_endpoint": null,
            "primary_table_microsoft_host": null,
            "primary_web_endpoint": null,
            "primary_web_host": null,
            "primary_web_internet_endpoint": null,
            "primary_web_internet_host": null,
            "primary_web_microsoft_endpoint": null,
            "primary_web_microsoft_host": null,
            "public_network_access_enabled": true,
            "queue_encryption_key_type": "Service",
            "queue_properties": [
              {
                "cors_rule": [],
                "hour_metrics": [],
                "logging": [
                  {
                    "delete": true,
                    "read": true,
                    "retention_policy_days": 0,
                    "version": "1.0",
                    "write": true
                  }
                ],
                "minute_metrics": []
              }
            ],
            "resource_group_name": "rg-network-hub",
            "routing": null,
            "sas_policy": [],
            "secondary_access_key": null,
            "secondary_blob_connection_string": null,
            "secondary_blob_endpoint": null,
            "secondary_blob_host": null,
            "secondary_blob_internet_endpoint": null,
            "secondary_blob_internet_host": null,
            "secondary_blob_microsoft_endpoint": null,
            "secondary_blob_microsoft_host": null,
            "secondary_connection_string": null,
            "secondary_dfs_endpoint": null,
            "secondary_dfs_host": null,
            "secondary_dfs_internet_endpoint": null,
            "secondary_dfs_internet_host": null,
            "secondary_dfs_microsoft_endpoint": null,
            "secondary_dfs_microsoft_host": null,
            "secondary_file_endpoint": null,
            "secondary_file_host": null,
            "secondary_file_internet_endpoint": null,
            "secondary_file_internet_host": null,
            "secondary_file_microsoft_endpoint": null,
            "secondary_file_microsoft_host": null,
            "secondary_location": null,
            "secondary_queue_endpoint": null,
            "secondary_queue_host": null,
            "secondary_queue_microsoft_endpoint": null,
            "secondary_queue_microsoft_host": null,
            "secondary_table_endpoint": null,
            "secondary_table_host": null,
            "secondary_table_microsoft_endpoint": null,
            "secondary_table_microsoft_host": null,
            "secondary_web_endpoint": null,
            "secondary_web_host": null,
            "secondary_web_internet_endpoint": null,
            "secondary_web_internet_host": null,
            "secondary_web_microsoft_endpoint": null,
            "secondary_web_microsoft_host": null,
            "sftp_enabled": false,
            "share_properties": null,
            "shared_access_key_enabled": false,
            "static_website": null,
            "table_encryption_key_type": "Service",
            "tags": null,
            "timeouts": null
          },
          "sensitive_attributes": [
            [
              {
                "type": "get_attr",
                "value": "primary_access_key"
              }
            ],
            [
              {
                "type": "get_attr",
                "value": "primary_blob_connection_string"
              }
            ],
            [
              {
                "type": "get_attr",
                "value": "primary_connection_string"
              }
            ],
            [
              {
                "type": "get_attr",
                "value": "secondary_access_key"
              }
            ],
            [
              {
                "type": "get_attr",
                "value": "secondary_blob_connection_string"
              }
            ],
            [
              {
                "type": "get_attr",
                "value": "secondary_connection_string"
              }
            ]
          ],
          "identity_schema_version": 0,
          "private": "eyJlMmJmYjczMC1lY2FhLTExZTYtOGY4OC0zNDM2M2JjN2M0YzAiOnsiY3JlYXRlIjozNjAwMDAwMDAwMDAwLCJkZWxldGUiOjM2MDAwMDAwMDAwMDAsInJlYWQiOjMwMDAwMDAwMDAwMCwidXBkYXRlIjozNjAwMDAwMDAwMDAwfSwic2NoZW1hX3ZlcnNpb24iOiI0In0=",
          "dependencies": [
            "module.network.azurerm_resource_group.hub"
          ]
        }
      ]
    },
    {
      "module": "module.org_guardrails",
      "mode": "data",
      "type": "azurerm_policy_definition",
      "name": "allowed_locations",
      "provider": "module.org_guardrails.provider[\"registry.terraform.io/hashicorp/azurerm\"]",
      "instances": [
        {
          "schema_version": 0,
          "attributes": {
            "description": "This policy enables you to restrict the locations your organization can specify when deploying resources. Use to enforce your geo-compliance requirements. Excludes resource groups, Microsoft.AzureActiveDirectory/b2cDirectories, and resources that use the 'global' region.",
            "display_name": "Allowed locations",
            "id": "/providers/Microsoft.Authorization/policyDefinitions/e56962a6-4747-49cd-b67b-bf8b01975c4c",
            "management_group_name": null,
            "metadata": "{\"category\":\"General\",\"version\":\"1.0.0\"}",
            "mode": "Indexed",
            "name": "e56962a6-4747-49cd-b67b-bf8b01975c4c",
            "parameters": "{\"listOfAllowedLocations\":{\"type\":\"Array\",\"metadata\":{\"description\":\"The list of locations that can be specified when deploying resources.\",\"displayName\":\"Allowed locations\",\"strongType\":\"location\"}}}",
            "policy_rule": "{\"if\":{\"allOf\":[{\"field\":\"location\",\"notIn\":\"[parameters('listOfAllowedLocations')]\"},{\"field\":\"location\",\"notEquals\":\"global\"},{\"field\":\"type\",\"notEquals\":\"Microsoft.AzureActiveDirectory/b2cDirectories\"}]},\"then\":{\"effect\":\"deny\"}}",
            "policy_type": "BuiltIn",
            "role_definition_ids": [],
            "timeouts": null,
            "type": "Microsoft.Authorization/policyDefinitions"
          },
          "sensitive_attributes": [],
          "identity_schema_version": 0
        }
      ]
    },
    {
      "module": "module.org_guardrails",
      "mode": "data",
      "type": "azurerm_policy_definition",
      "name": "require_tags",
      "provider": "module.org_guardrails.provider[\"registry.terraform.io/hashicorp/azurerm\"]",
      "instances": [
        {
          "schema_version": 0,
          "attributes": {
            "description": "Enforces existence of a tag. Does not apply to resource groups.",
            "display_name": "Require a tag on resources",
            "id": "/providers/Microsoft.Authorization/policyDefinitions/871b6d14-10aa-478d-b590-94f262ecfa99",
            "management_group_name": null,
            "metadata": "{\"category\":\"Tags\",\"version\":\"1.0.1\"}",
            "mode": "Indexed",
            "name": "871b6d14-10aa-478d-b590-94f262ecfa99",
            "parameters": "{\"tagName\":{\"type\":\"String\",\"metadata\":{\"description\":\"Name of the tag, such as 'environment'\",\"displayName\":\"Tag Name\"}}}",
            "policy_rule": "{\"if\":{\"exists\":\"false\",\"field\":\"[concat('tags[', parameters('tagName'), ']')]\"},\"then\":{\"effect\":\"deny\"}}",
            "policy_type": "BuiltIn",
            "role_definition_ids": [],
            "timeouts": null,
            "type": "Microsoft.Authorization/policyDefinitions"
          },
          "sensitive_attributes": [],
          "identity_schema_version": 0
        }
      ]
    },
    {
      "module": "module.org_guardrails",
      "mode": "managed",
      "type": "azurerm_management_group",
      "name": "org",
      "provider": "module.org_guardrails.provider[\"registry.terraform.io/hashicorp/azurerm\"]",
      "instances": [
        {
          "schema_version": 0,
          "attributes": {
            "display_name": "mg-ai",
            "id": "/providers/Microsoft.Management/managementGroups/mg-ai",
            "name": "mg-ai",
            "parent_management_group_id": "/providers/Microsoft.Management/managementGroups/21d52c09-b753-43a2-8193-8ac25552c60e",
            "subscription_ids": [],
            "tenant_scoped_id": "/tenants/21d52c09-b753-43a2-8193-8ac25552c60e/providers/Microsoft.Management/managementGroups/mg-ai",
            "timeouts": null
          },
          "sensitive_attributes": [],
          "identity_schema_version": 0,
          "private": "eyJlMmJmYjczMC1lY2FhLTExZTYtOGY4OC0zNDM2M2JjN2M0YzAiOnsiY3JlYXRlIjoxODAwMDAwMDAwMDAwLCJkZWxldGUiOjE4MDAwMDAwMDAwMDAsInJlYWQiOjMwMDAwMDAwMDAwMCwidXBkYXRlIjoxODAwMDAwMDAwMDAwfX0="
        }
      ]
    },
    {
      "module": "module.org_guardrails",
      "mode": "managed",
      "type": "azurerm_management_group_policy_assignment",
      "name": "allowed_locations",
      "provider": "module.org_guardrails.provider[\"registry.terraform.io/hashicorp/azurerm\"]",
      "instances": [
        {
          "schema_version": 0,
          "attributes": {
            "description": "",
            "display_name": "",
            "enforce": true,
            "id": "/providers/Microsoft.Management/managementGroups/mg-ai/providers/Microsoft.Authorization/policyAssignments/allowed-locations",
            "identity": [],
            "location": "",
            "management_group_id": "/providers/Microsoft.Management/managementGroups/mg-ai",
            "metadata": "{\"assignedBy\":\"Terraform – org_guardrails module\",\"category\":\"General\",\"createdBy\":\"aa4177f7-51f0-49d2-bd48-978c079fd31f\",\"createdOn\":\"2025-08-06T16:25:23.1541058Z\",\"updatedBy\":null,\"updatedOn\":null}",
            "name": "allowed-locations",
            "non_compliance_message": [],
            "not_scopes": null,
            "overrides": [],
            "parameters": "{\"listOfAllowedLocations\":{\"value\":[]}}",
            "policy_definition_id": "/providers/Microsoft.Authorization/policyDefinitions/e56962a6-4747-49cd-b67b-bf8b01975c4c",
            "resource_selectors": [],
            "timeouts": null
          },
          "sensitive_attributes": [],
          "identity_schema_version": 0,
          "private": "eyJlMmJmYjczMC1lY2FhLTExZTYtOGY4OC0zNDM2M2JjN2M0YzAiOnsiY3JlYXRlIjoxODAwMDAwMDAwMDAwLCJkZWxldGUiOjE4MDAwMDAwMDAwMDAsInJlYWQiOjMwMDAwMDAwMDAwMCwidXBkYXRlIjoxODAwMDAwMDAwMDAwfX0=",
          "dependencies": [
            "module.org_guardrails.azurerm_management_group.org",
            "module.org_guardrails.data.azurerm_policy_definition.allowed_locations"
          ]
        }
      ]
    },
    {
      "module": "module.org_guardrails",
      "mode": "managed",
      "type": "azurerm_management_group_policy_assignment",
      "name": "require_tags",
      "provider": "module.org_guardrails.provider[\"registry.terraform.io/hashicorp/azurerm\"]",
      "instances": [
        {
          "schema_version": 0,
          "attributes": {
            "description": "",
            "display_name": "",
            "enforce": true,
            "id": "/providers/Microsoft.Management/managementGroups/mg-ai/providers/Microsoft.Authorization/policyAssignments/require-common-tags",
            "identity": [],
            "location": "",
            "management_group_id": "/providers/Microsoft.Management/managementGroups/mg-ai",
            "metadata": "{\"assignedBy\":\"Terraform – org_guardrails module\",\"category\":\"Tags\",\"createdBy\":\"aa4177f7-51f0-49d2-bd48-978c079fd31f\",\"createdOn\":\"2025-08-06T16:25:19.343685Z\",\"updatedBy\":null,\"updatedOn\":null}",
            "name": "require-common-tags",
            "non_compliance_message": [],
            "not_scopes": null,
            "overrides": [],
            "parameters": "{\"tagName\":{\"value\":\"environment\"}}",
            "policy_definition_id": "/providers/Microsoft.Authorization/policyDefinitions/871b6d14-10aa-478d-b590-94f262ecfa99",
            "resource_selectors": [],
            "timeouts": null
          },
          "sensitive_attributes": [],
          "identity_schema_version": 0,
          "private": "eyJlMmJmYjczMC1lY2FhLTExZTYtOGY4OC0zNDM2M2JjN2M0YzAiOnsiY3JlYXRlIjoxODAwMDAwMDAwMDAwLCJkZWxldGUiOjE4MDAwMDAwMDAwMDAsInJlYWQiOjMwMDAwMDAwMDAwMCwidXBkYXRlIjoxODAwMDAwMDAwMDAwfX0=",
          "dependencies": [
            "module.org_guardrails.azurerm_management_group.org",
            "module.org_guardrails.data.azurerm_policy_definition.require_tags"
          ]
        }
      ]
    }
  ],
  "check_results": null
}
