{
  "version": 4,
  "terraform_version": "1.12.2",
  "serial": 245,
  "lineage": "5fd04827-aa68-d42b-9056-3e2546784d34",
  "outputs": {},
  "resources": [
    {
      "module": "module.network",
      "mode": "managed",
      "type": "azurerm_firewall",
      "name": "fw",
      "provider": "module.network.provider[\"registry.terraform.io/hashicorp/azurerm\"]",
      "instances": [
        {
          "schema_version": 0,
          "attributes": {
            "dns_proxy_enabled": false,
            "dns_servers": [],
            "firewall_policy_id": "",
            "id": "/subscriptions/0a48cb5a-2ab9-463a-b1d7-b4478df386c1/resourceGroups/rg-network-hub/providers/Microsoft.Network/azureFirewalls/fw-hub",
            "ip_configuration": [
              {
                "name": "configuration",
                "private_ip_address": "10.0.1.4",
                "public_ip_address_id": "/subscriptions/0a48cb5a-2ab9-463a-b1d7-b4478df386c1/resourceGroups/rg-network-hub/providers/Microsoft.Network/publicIPAddresses/pip-fw-hub",
                "subnet_id": "/subscriptions/0a48cb5a-2ab9-463a-b1d7-b4478df386c1/resourceGroups/rg-network-hub/providers/Microsoft.Network/virtualNetworks/vnet-hub/subnets/AzureFirewallSubnet"
              }
            ],
            "location": "eastus",
            "management_ip_configuration": [],
            "name": "fw-hub",
            "private_ip_ranges": [],
            "resource_group_name": "rg-network-hub",
            "sku_name": "AZFW_VNet",
            "sku_tier": "Standard",
            "tags": {},
            "threat_intel_mode": "Deny",
            "timeouts": null,
            "virtual_hub": [],
            "zones": []
          },
          "sensitive_attributes": [],
          "identity_schema_version": 0,
          "private": "eyJlMmJmYjczMC1lY2FhLTExZTYtOGY4OC0zNDM2M2JjN2M0YzAiOnsiY3JlYXRlIjo1NDAwMDAwMDAwMDAwLCJkZWxldGUiOjU0MDAwMDAwMDAwMDAsInJlYWQiOjMwMDAwMDAwMDAwMCwidXBkYXRlIjo1NDAwMDAwMDAwMDAwfX0=",
          "dependencies": [
            "module.network.azurerm_public_ip.firewall_pip",
            "module.network.azurerm_resource_group.hub",
            "module.network.azurerm_subnet.firewall_subnet",
            "module.network.azurerm_virtual_network.hub"
          ]
        }
      ]
    },
    {
      "module": "module.network",
      "mode": "managed",
      "type": "azurerm_public_ip",
      "name": "firewall_pip",
      "provider": "module.network.provider[\"registry.terraform.io/hashicorp/azurerm\"]",
      "instances": [
        {
          "schema_version": 0,
          "attributes": {
            "allocation_method": "Static",
            "ddos_protection_mode": "VirtualNetworkInherited",
            "ddos_protection_plan_id": null,
            "domain_name_label": null,
            "edge_zone": "",
            "fqdn": null,
            "id": "/subscriptions/0a48cb5a-2ab9-463a-b1d7-b4478df386c1/resourceGroups/rg-network-hub/providers/Microsoft.Network/publicIPAddresses/pip-fw-hub",
            "idle_timeout_in_minutes": 4,
            "ip_address": "172.178.63.142",
            "ip_tags": {},
            "ip_version": "IPv4",
            "location": "eastus",
            "name": "pip-fw-hub",
            "public_ip_prefix_id": null,
            "resource_group_name": "rg-network-hub",
            "reverse_fqdn": null,
            "sku": "Standard",
            "sku_tier": "Regional",
            "tags": {},
            "timeouts": null,
            "zones": []
          },
          "sensitive_attributes": [],
          "identity_schema_version": 0,
          "private": "eyJlMmJmYjczMC1lY2FhLTExZTYtOGY4OC0zNDM2M2JjN2M0YzAiOnsiY3JlYXRlIjoxODAwMDAwMDAwMDAwLCJkZWxldGUiOjE4MDAwMDAwMDAwMDAsInJlYWQiOjMwMDAwMDAwMDAwMCwidXBkYXRlIjoxODAwMDAwMDAwMDAwfX0=",
          "dependencies": [
            "module.network.azurerm_resource_group.hub"
          ]
        }
      ]
    },
    {
      "module": "module.network",
      "mode": "managed",
      "type": "azurerm_resource_group",
      "name": "hub",
      "provider": "module.network.provider[\"registry.terraform.io/hashicorp/azurerm\"]",
      "instances": [
        {
          "schema_version": 0,
          "attributes": {
            "id": "/subscriptions/0a48cb5a-2ab9-463a-b1d7-b4478df386c1/resourceGroups/rg-network-hub",
            "location": "eastus",
            "managed_by": "",
            "name": "rg-network-hub",
            "tags": {},
            "timeouts": null
          },
          "sensitive_attributes": [],
          "identity_schema_version": 0,
          "private": "eyJlMmJmYjczMC1lY2FhLTExZTYtOGY4OC0zNDM2M2JjN2M0YzAiOnsiY3JlYXRlIjo1NDAwMDAwMDAwMDAwLCJkZWxldGUiOjU0MDAwMDAwMDAwMDAsInJlYWQiOjMwMDAwMDAwMDAwMCwidXBkYXRlIjo1NDAwMDAwMDAwMDAwfX0="
        }
      ]
    },
    {
      "module": "module.network",
      "mode": "managed",
      "type": "azurerm_subnet",
      "name": "firewall_subnet",
      "provider": "module.network.provider[\"registry.terraform.io/hashicorp/azurerm\"]",
      "instances": [
        {
          "schema_version": 0,
          "attributes": {
            "address_prefixes": [
              "10.0.1.0/26"
            ],
            "default_outbound_access_enabled": true,
            "delegation": [],
            "enforce_private_link_endpoint_network_policies": false,
            "enforce_private_link_service_network_policies": false,
            "id": "/subscriptions/0a48cb5a-2ab9-463a-b1d7-b4478df386c1/resourceGroups/rg-network-hub/providers/Microsoft.Network/virtualNetworks/vnet-hub/subnets/AzureFirewallSubnet",
            "name": "AzureFirewallSubnet",
            "private_endpoint_network_policies": "Enabled",
            "private_endpoint_network_policies_enabled": true,
            "private_link_service_network_policies_enabled": true,
            "resource_group_name": "rg-network-hub",
            "service_endpoint_policy_ids": [],
            "service_endpoints": [],
            "timeouts": null,
            "virtual_network_name": "vnet-hub"
          },
          "sensitive_attributes": [],
          "identity_schema_version": 0,
          "private": "eyJlMmJmYjczMC1lY2FhLTExZTYtOGY4OC0zNDM2M2JjN2M0YzAiOnsiY3JlYXRlIjoxODAwMDAwMDAwMDAwLCJkZWxldGUiOjE4MDAwMDAwMDAwMDAsInJlYWQiOjMwMDAwMDAwMDAwMCwidXBkYXRlIjoxODAwMDAwMDAwMDAwfX0=",
          "dependencies": [
            "module.network.azurerm_resource_group.hub",
            "module.network.azurerm_virtual_network.hub"
          ]
        }
      ]
    },
    {
      "module": "module.network",
      "mode": "managed",
      "type": "azurerm_virtual_network",
      "name": "hub",
      "provider": "module.network.provider[\"registry.terraform.io/hashicorp/azurerm\"]",
      "instances": [
        {
          "schema_version": 0,
          "attributes": {
            "address_space": [
              "10.0.0.0/20"
            ],
            "bgp_community": "",
            "ddos_protection_plan": [],
            "dns_servers": [],
            "edge_zone": "",
            "encryption": [],
            "flow_timeout_in_minutes": 0,
            "guid": "31526f1d-6e2f-4ef2-a937-051f1af6b236",
            "id": "/subscriptions/0a48cb5a-2ab9-463a-b1d7-b4478df386c1/resourceGroups/rg-network-hub/providers/Microsoft.Network/virtualNetworks/vnet-hub",
            "location": "eastus",
            "name": "vnet-hub",
            "resource_group_name": "rg-network-hub",
            "subnet": [
              {
                "address_prefix": "10.0.1.0/26",
                "id": "/subscriptions/0a48cb5a-2ab9-463a-b1d7-b4478df386c1/resourceGroups/rg-network-hub/providers/Microsoft.Network/virtualNetworks/vnet-hub/subnets/AzureFirewallSubnet",
                "name": "AzureFirewallSubnet",
                "security_group": ""
              }
            ],
            "tags": {},
            "timeouts": null
          },
          "sensitive_attributes": [],
          "identity_schema_version": 0,
          "private": "eyJlMmJmYjczMC1lY2FhLTExZTYtOGY4OC0zNDM2M2JjN2M0YzAiOnsiY3JlYXRlIjoxODAwMDAwMDAwMDAwLCJkZWxldGUiOjE4MDAwMDAwMDAwMDAsInJlYWQiOjMwMDAwMDAwMDAwMCwidXBkYXRlIjoxODAwMDAwMDAwMDAwfX0=",
          "dependencies": [
            "module.network.azurerm_resource_group.hub"
          ]
        }
      ]
    }
  ],
  "check_results": null
}
