{
  "version": 4,
  "terraform_version": "1.12.2",
  "serial": 449,
  "lineage": "5fd04827-aa68-d42b-9056-3e2546784d34",
  "outputs": {},
  "resources": [
    {
      "module": "module.ai_service",
      "mode": "managed",
      "type": "azurerm_cognitive_account",
      "name": "openai",
      "provider": "provider[\"registry.terraform.io/hashicorp/azurerm\"]",
      "instances": [
        {
          "schema_version": 0,
          "attributes": {
            "custom_question_answering_search_service_id": "",
            "custom_question_answering_search_service_key": null,
            "custom_subdomain_name": "",
            "customer_managed_key": [],
            "dynamic_throttling_enabled": false,
            "endpoint": "https://eastus.api.cognitive.microsoft.com/",
            "fqdns": null,
            "id": "/subscriptions/0a48cb5a-2ab9-463a-b1d7-b4478df386c1/resourceGroups/rg-ai-spoke/providers/Microsoft.CognitiveServices/accounts/cogai-eastus",
            "identity": [
              {
                "identity_ids": null,
                "principal_id": "34ab3685-4b00-409b-8b97-9c11b5c23a89",
                "tenant_id": "21d52c09-b753-43a2-8193-8ac25552c60e",
                "type": "SystemAssigned"
              }
            ],
            "kind": "OpenAI",
            "local_auth_enabled": true,
            "location": "eastus",
            "metrics_advisor_aad_client_id": "",
            "metrics_advisor_aad_tenant_id": "",
            "metrics_advisor_super_user_name": "",
            "metrics_advisor_website_name": "",
            "name": "cogai-eastus",
            "network_acls": [],
            "outbound_network_access_restricted": false,
            "primary_access_key": "bafa7a5a8b68436cac1e1ad34852a3ec",
            "public_network_access_enabled": true,
            "qna_runtime_endpoint": "",
            "resource_group_name": "rg-ai-spoke",
            "secondary_access_key": "3bad83441d5945c1ab68758ac82ef5ed",
            "sku_name": "S0",
            "storage": [],
            "tags": null,
            "timeouts": null
          },
          "sensitive_attributes": [
            [
              {
                "type": "get_attr",
                "value": "custom_question_answering_search_service_key"
              }
            ],
            [
              {
                "type": "get_attr",
                "value": "primary_access_key"
              }
            ],
            [
              {
                "type": "get_attr",
                "value": "secondary_access_key"
              }
            ]
          ],
          "identity_schema_version": 0,
          "private": "eyJlMmJmYjczMC1lY2FhLTExZTYtOGY4OC0zNDM2M2JjN2M0YzAiOnsiY3JlYXRlIjoxODAwMDAwMDAwMDAwLCJkZWxldGUiOjE4MDAwMDAwMDAwMDAsInJlYWQiOjMwMDAwMDAwMDAwMCwidXBkYXRlIjoxODAwMDAwMDAwMDAwfX0=",
          "dependencies": [
            "module.network.azurerm_resource_group.spoke"
          ]
        }
      ]
    },
    {
      "module": "module.ai_service",
      "mode": "managed",
      "type": "azurerm_role_assignment",
      "name": "openai_kv_crypto",
      "provider": "provider[\"registry.terraform.io/hashicorp/azurerm\"]",
      "instances": []
    },
    {
      "module": "module.api_gateway",
      "mode": "managed",
      "type": "azurerm_api_management",
      "name": "apim",
      "provider": "provider[\"registry.terraform.io/hashicorp/azurerm\"]",
      "instances": []
    },
    {
      "module": "module.network",
      "mode": "data",
      "type": "azurerm_client_config",
      "name": "current",
      "provider": "module.network.provider[\"registry.terraform.io/hashicorp/azurerm\"]",
      "instances": [
        {
          "schema_version": 0,
          "attributes": {
            "client_id": "04b07795-8ddb-461a-bbee-02f9e1bf7b46",
            "id": "Y2xpZW50Q29uZmlncy9jbGllbnRJZD0wNGIwNzc5NS04ZGRiLTQ2MWEtYmJlZS0wMmY5ZTFiZjdiNDY7b2JqZWN0SWQ9YWE0MTc3ZjctNTFmMC00OWQyLWJkNDgtOTc4YzA3OWZkMzFmO3N1YnNjcmlwdGlvbklkPTBhNDhjYjVhLTJhYjktNDYzYS1iMWQ3LWI0NDc4ZGYzODZjMTt0ZW5hbnRJZD0yMWQ1MmMwOS1iNzUzLTQzYTItODE5My04YWMyNTU1MmM2MGU=",
            "object_id": "aa4177f7-51f0-49d2-bd48-978c079fd31f",
            "subscription_id": "0a48cb5a-2ab9-463a-b1d7-b4478df386c1",
            "tenant_id": "21d52c09-b753-43a2-8193-8ac25552c60e",
            "timeouts": null
          },
          "sensitive_attributes": [],
          "identity_schema_version": 0
        }
      ]
    },
    {
      "module": "module.network",
      "mode": "managed",
      "type": "azurerm_key_vault",
      "name": "kv",
      "provider": "module.network.provider[\"registry.terraform.io/hashicorp/azurerm\"]",
      "instances": [
        {
          "schema_version": 2,
          "attributes": {
            "access_policy": [],
            "contact": [],
            "enable_rbac_authorization": false,
            "enabled_for_deployment": false,
            "enabled_for_disk_encryption": false,
            "enabled_for_template_deployment": false,
            "id": "/subscriptions/0a48cb5a-2ab9-463a-b1d7-b4478df386c1/resourceGroups/rg-network-hub/providers/Microsoft.KeyVault/vaults/kv-ai-9787c7",
            "location": "eastus",
            "name": "kv-ai-9787c7",
            "network_acls": [
              {
                "bypass": "None",
                "default_action": "Deny",
                "ip_rules": null,
                "virtual_network_subnet_ids": [
                  "/subscriptions/0a48cb5a-2ab9-463a-b1d7-b4478df386c1/resourceGroups/rg-ai-spoke/providers/Microsoft.Network/virtualNetworks/vnet-ai-spoke/subnets/snet-gateway",
                  "/subscriptions/0a48cb5a-2ab9-463a-b1d7-b4478df386c1/resourceGroups/rg-ai-spoke/providers/Microsoft.Network/virtualNetworks/vnet-ai-spoke/subnets/snet-pe"
                ]
              }
            ],
            "public_network_access_enabled": true,
            "purge_protection_enabled": true,
            "resource_group_name": "rg-network-hub",
            "sku_name": "standard",
            "soft_delete_retention_days": 90,
            "tags": null,
            "tenant_id": "21d52c09-b753-43a2-8193-8ac25552c60e",
            "timeouts": null,
            "vault_uri": "https://kv-ai-9787c7.vault.azure.net/"
          },
          "sensitive_attributes": [],
          "identity_schema_version": 0,
          "private": "eyJlMmJmYjczMC1lY2FhLTExZTYtOGY4OC0zNDM2M2JjN2M0YzAiOnsiY3JlYXRlIjoxODAwMDAwMDAwMDAwLCJkZWxldGUiOjE4MDAwMDAwMDAwMDAsInJlYWQiOjMwMDAwMDAwMDAwMCwidXBkYXRlIjoxODAwMDAwMDAwMDAwfSwic2NoZW1hX3ZlcnNpb24iOiIyIn0=",
          "dependencies": [
            "module.network.azurerm_resource_group.hub",
            "module.network.azurerm_resource_group.spoke",
            "module.network.azurerm_subnet.gateway",
            "module.network.azurerm_subnet.pe",
            "module.network.azurerm_virtual_network.spoke",
            "module.network.data.azurerm_client_config.current"
          ]
        }
      ]
    },
    {
      "module": "module.network",
      "mode": "managed",
      "type": "azurerm_network_security_group",
      "name": "gateway",
      "provider": "module.network.provider[\"registry.terraform.io/hashicorp/azurerm\"]",
      "instances": [
        {
          "schema_version": 0,
          "attributes": {
            "id": "/subscriptions/0a48cb5a-2ab9-463a-b1d7-b4478df386c1/resourceGroups/rg-ai-spoke/providers/Microsoft.Network/networkSecurityGroups/nsg-ai-gateway",
            "location": "eastus",
            "name": "nsg-ai-gateway",
            "resource_group_name": "rg-ai-spoke",
            "security_rule": [],
            "tags": null,
            "timeouts": null
          },
          "sensitive_attributes": [],
          "identity_schema_version": 0,
          "private": "eyJlMmJmYjczMC1lY2FhLTExZTYtOGY4OC0zNDM2M2JjN2M0YzAiOnsiY3JlYXRlIjoxODAwMDAwMDAwMDAwLCJkZWxldGUiOjE4MDAwMDAwMDAwMDAsInJlYWQiOjMwMDAwMDAwMDAwMCwidXBkYXRlIjoxODAwMDAwMDAwMDAwfX0=",
          "dependencies": [
            "module.network.azurerm_resource_group.spoke"
          ]
        }
      ]
    },
    {
      "module": "module.network",
      "mode": "managed",
      "type": "azurerm_network_security_group",
      "name": "spoke",
      "provider": "module.network.provider[\"registry.terraform.io/hashicorp/azurerm\"]",
      "instances": [
        {
          "schema_version": 0,
          "attributes": {
            "id": "/subscriptions/0a48cb5a-2ab9-463a-b1d7-b4478df386c1/resourceGroups/rg-ai-spoke/providers/Microsoft.Network/networkSecurityGroups/nsg-ai-spoke",
            "location": "eastus",
            "name": "nsg-ai-spoke",
            "resource_group_name": "rg-ai-spoke",
            "security_rule": [],
            "tags": null,
            "timeouts": null
          },
          "sensitive_attributes": [],
          "identity_schema_version": 0,
          "private": "eyJlMmJmYjczMC1lY2FhLTExZTYtOGY4OC0zNDM2M2JjN2M0YzAiOnsiY3JlYXRlIjoxODAwMDAwMDAwMDAwLCJkZWxldGUiOjE4MDAwMDAwMDAwMDAsInJlYWQiOjMwMDAwMDAwMDAwMCwidXBkYXRlIjoxODAwMDAwMDAwMDAwfX0=",
          "dependencies": [
            "module.network.azurerm_resource_group.spoke"
          ]
        }
      ]
    },
    {
      "module": "module.network",
      "mode": "managed",
      "type": "azurerm_network_security_rule",
      "name": "apim_mgmt_inbound",
      "provider": "module.network.provider[\"registry.terraform.io/hashicorp/azurerm\"]",
      "instances": [
        {
          "schema_version": 0,
          "attributes": {
            "access": "Allow",
            "description": "",
            "destination_address_prefix": "*",
            "destination_address_prefixes": null,
            "destination_application_security_group_ids": null,
            "destination_port_range": "3443",
            "destination_port_ranges": null,
            "direction": "Inbound",
            "id": "/subscriptions/0a48cb5a-2ab9-463a-b1d7-b4478df386c1/resourceGroups/rg-ai-spoke/providers/Microsoft.Network/networkSecurityGroups/nsg-ai-gateway/securityRules/apim-mgmt-allow-3443",
            "name": "apim-mgmt-allow-3443",
            "network_security_group_name": "nsg-ai-gateway",
            "priority": 100,
            "protocol": "Tcp",
            "resource_group_name": "rg-ai-spoke",
            "source_address_prefix": "ApiManagement",
            "source_address_prefixes": null,
            "source_application_security_group_ids": null,
            "source_port_range": "*",
            "source_port_ranges": null,
            "timeouts": null
          },
          "sensitive_attributes": [],
          "identity_schema_version": 0,
          "private": "eyJlMmJmYjczMC1lY2FhLTExZTYtOGY4OC0zNDM2M2JjN2M0YzAiOnsiY3JlYXRlIjoxODAwMDAwMDAwMDAwLCJkZWxldGUiOjE4MDAwMDAwMDAwMDAsInJlYWQiOjMwMDAwMDAwMDAwMCwidXBkYXRlIjoxODAwMDAwMDAwMDAwfX0=",
          "dependencies": [
            "module.network.azurerm_network_security_group.gateway",
            "module.network.azurerm_resource_group.spoke"
          ]
        }
      ]
    },
    {
      "module": "module.network",
      "mode": "managed",
      "type": "azurerm_network_security_rule",
      "name": "spoke_allow_https_out",
      "provider": "module.network.provider[\"registry.terraform.io/hashicorp/azurerm\"]",
      "instances": [
        {
          "schema_version": 0,
          "attributes": {
            "access": "Allow",
            "description": "",
            "destination_address_prefix": "Internet",
            "destination_address_prefixes": null,
            "destination_application_security_group_ids": null,
            "destination_port_range": "443",
            "destination_port_ranges": null,
            "direction": "Outbound",
            "id": "/subscriptions/0a48cb5a-2ab9-463a-b1d7-b4478df386c1/resourceGroups/rg-ai-spoke/providers/Microsoft.Network/networkSecurityGroups/nsg-ai-spoke/securityRules/Allow-HTTPS-Out",
            "name": "Allow-HTTPS-Out",
            "network_security_group_name": "nsg-ai-spoke",
            "priority": 100,
            "protocol": "Tcp",
            "resource_group_name": "rg-ai-spoke",
            "source_address_prefix": "VirtualNetwork",
            "source_address_prefixes": null,
            "source_application_security_group_ids": null,
            "source_port_range": "*",
            "source_port_ranges": null,
            "timeouts": null
          },
          "sensitive_attributes": [],
          "identity_schema_version": 0,
          "private": "eyJlMmJmYjczMC1lY2FhLTExZTYtOGY4OC0zNDM2M2JjN2M0YzAiOnsiY3JlYXRlIjoxODAwMDAwMDAwMDAwLCJkZWxldGUiOjE4MDAwMDAwMDAwMDAsInJlYWQiOjMwMDAwMDAwMDAwMCwidXBkYXRlIjoxODAwMDAwMDAwMDAwfX0=",
          "dependencies": [
            "module.network.azurerm_network_security_group.spoke",
            "module.network.azurerm_resource_group.spoke"
          ]
        }
      ]
    },
    {
      "module": "module.network",
      "mode": "managed",
      "type": "azurerm_private_dns_zone",
      "name": "zones",
      "provider": "module.network.provider[\"registry.terraform.io/hashicorp/azurerm\"]",
      "instances": [
        {
          "index_key": "privatelink.azure-api.net",
          "schema_version": 0,
          "attributes": {
            "id": "/subscriptions/0a48cb5a-2ab9-463a-b1d7-b4478df386c1/resourceGroups/rg-network-hub/providers/Microsoft.Network/privateDnsZones/privatelink.azure-api.net",
            "max_number_of_record_sets": 25000,
            "max_number_of_virtual_network_links": 1000,
            "max_number_of_virtual_network_links_with_registration": 100,
            "name": "privatelink.azure-api.net",
            "number_of_record_sets": 1,
            "resource_group_name": "rg-network-hub",
            "soa_record": [
              {
                "email": "azureprivatedns-host.microsoft.com",
                "expire_time": 2419200,
                "fqdn": "privatelink.azure-api.net.",
                "host_name": "azureprivatedns.net",
                "minimum_ttl": 10,
                "refresh_time": 3600,
                "retry_time": 300,
                "serial_number": 1,
                "tags": {},
                "ttl": 3600
              }
            ],
            "tags": null,
            "timeouts": null
          },
          "sensitive_attributes": [],
          "identity_schema_version": 0,
          "private": "eyJlMmJmYjczMC1lY2FhLTExZTYtOGY4OC0zNDM2M2JjN2M0YzAiOnsiY3JlYXRlIjoxODAwMDAwMDAwMDAwLCJkZWxldGUiOjE4MDAwMDAwMDAwMDAsInJlYWQiOjMwMDAwMDAwMDAwMCwidXBkYXRlIjoxODAwMDAwMDAwMDAwfX0=",
          "dependencies": [
            "module.network.azurerm_resource_group.hub"
          ]
        },
        {
          "index_key": "privatelink.blob.core.windows.net",
          "schema_version": 0,
          "attributes": {
            "id": "/subscriptions/0a48cb5a-2ab9-463a-b1d7-b4478df386c1/resourceGroups/rg-network-hub/providers/Microsoft.Network/privateDnsZones/privatelink.blob.core.windows.net",
            "max_number_of_record_sets": 25000,
            "max_number_of_virtual_network_links": 1000,
            "max_number_of_virtual_network_links_with_registration": 100,
            "name": "privatelink.blob.core.windows.net",
            "number_of_record_sets": 1,
            "resource_group_name": "rg-network-hub",
            "soa_record": [
              {
                "email": "azureprivatedns-host.microsoft.com",
                "expire_time": 2419200,
                "fqdn": "privatelink.blob.core.windows.net.",
                "host_name": "azureprivatedns.net",
                "minimum_ttl": 10,
                "refresh_time": 3600,
                "retry_time": 300,
                "serial_number": 1,
                "tags": {},
                "ttl": 3600
              }
            ],
            "tags": null,
            "timeouts": null
          },
          "sensitive_attributes": [],
          "identity_schema_version": 0,
          "private": "eyJlMmJmYjczMC1lY2FhLTExZTYtOGY4OC0zNDM2M2JjN2M0YzAiOnsiY3JlYXRlIjoxODAwMDAwMDAwMDAwLCJkZWxldGUiOjE4MDAwMDAwMDAwMDAsInJlYWQiOjMwMDAwMDAwMDAwMCwidXBkYXRlIjoxODAwMDAwMDAwMDAwfX0=",
          "dependencies": [
            "module.network.azurerm_resource_group.hub"
          ]
        },
        {
          "index_key": "privatelink.openai.azure.com",
          "schema_version": 0,
          "attributes": {
            "id": "/subscriptions/0a48cb5a-2ab9-463a-b1d7-b4478df386c1/resourceGroups/rg-network-hub/providers/Microsoft.Network/privateDnsZones/privatelink.openai.azure.com",
            "max_number_of_record_sets": 25000,
            "max_number_of_virtual_network_links": 1000,
            "max_number_of_virtual_network_links_with_registration": 100,
            "name": "privatelink.openai.azure.com",
            "number_of_record_sets": 1,
            "resource_group_name": "rg-network-hub",
            "soa_record": [
              {
                "email": "azureprivatedns-host.microsoft.com",
                "expire_time": 2419200,
                "fqdn": "privatelink.openai.azure.com.",
                "host_name": "azureprivatedns.net",
                "minimum_ttl": 10,
                "refresh_time": 3600,
                "retry_time": 300,
                "serial_number": 1,
                "tags": {},
                "ttl": 3600
              }
            ],
            "tags": null,
            "timeouts": null
          },
          "sensitive_attributes": [],
          "identity_schema_version": 0,
          "private": "eyJlMmJmYjczMC1lY2FhLTExZTYtOGY4OC0zNDM2M2JjN2M0YzAiOnsiY3JlYXRlIjoxODAwMDAwMDAwMDAwLCJkZWxldGUiOjE4MDAwMDAwMDAwMDAsInJlYWQiOjMwMDAwMDAwMDAwMCwidXBkYXRlIjoxODAwMDAwMDAwMDAwfX0=",
          "dependencies": [
            "module.network.azurerm_resource_group.hub"
          ]
        }
      ]
    },
    {
      "module": "module.network",
      "mode": "managed",
      "type": "azurerm_private_dns_zone_virtual_network_link",
      "name": "zones_link",
      "provider": "module.network.provider[\"registry.terraform.io/hashicorp/azurerm\"]",
      "instances": [
        {
          "index_key": "privatelink.azure-api.net",
          "schema_version": 0,
          "attributes": {
            "id": "/subscriptions/0a48cb5a-2ab9-463a-b1d7-b4478df386c1/resourceGroups/rg-network-hub/providers/Microsoft.Network/privateDnsZones/privatelink.azure-api.net/virtualNetworkLinks/privatelink.azure-api.net-spoke-link",
            "name": "privatelink.azure-api.net-spoke-link",
            "private_dns_zone_name": "privatelink.azure-api.net",
            "registration_enabled": false,
            "resource_group_name": "rg-network-hub",
            "tags": null,
            "timeouts": null,
            "virtual_network_id": "/subscriptions/0a48cb5a-2ab9-463a-b1d7-b4478df386c1/resourceGroups/rg-ai-spoke/providers/Microsoft.Network/virtualNetworks/vnet-ai-spoke"
          },
          "sensitive_attributes": [],
          "identity_schema_version": 0,
          "private": "eyJlMmJmYjczMC1lY2FhLTExZTYtOGY4OC0zNDM2M2JjN2M0YzAiOnsiY3JlYXRlIjoxODAwMDAwMDAwMDAwLCJkZWxldGUiOjE4MDAwMDAwMDAwMDAsInJlYWQiOjMwMDAwMDAwMDAwMCwidXBkYXRlIjoxODAwMDAwMDAwMDAwfX0=",
          "dependencies": [
            "module.network.azurerm_private_dns_zone.zones",
            "module.network.azurerm_resource_group.hub",
            "module.network.azurerm_resource_group.spoke",
            "module.network.azurerm_virtual_network.spoke"
          ]
        },
        {
          "index_key": "privatelink.blob.core.windows.net",
          "schema_version": 0,
          "attributes": {
            "id": "/subscriptions/0a48cb5a-2ab9-463a-b1d7-b4478df386c1/resourceGroups/rg-network-hub/providers/Microsoft.Network/privateDnsZones/privatelink.blob.core.windows.net/virtualNetworkLinks/privatelink.blob.core.windows.net-spoke-link",
            "name": "privatelink.blob.core.windows.net-spoke-link",
            "private_dns_zone_name": "privatelink.blob.core.windows.net",
            "registration_enabled": false,
            "resource_group_name": "rg-network-hub",
            "tags": null,
            "timeouts": null,
            "virtual_network_id": "/subscriptions/0a48cb5a-2ab9-463a-b1d7-b4478df386c1/resourceGroups/rg-ai-spoke/providers/Microsoft.Network/virtualNetworks/vnet-ai-spoke"
          },
          "sensitive_attributes": [],
          "identity_schema_version": 0,
          "private": "eyJlMmJmYjczMC1lY2FhLTExZTYtOGY4OC0zNDM2M2JjN2M0YzAiOnsiY3JlYXRlIjoxODAwMDAwMDAwMDAwLCJkZWxldGUiOjE4MDAwMDAwMDAwMDAsInJlYWQiOjMwMDAwMDAwMDAwMCwidXBkYXRlIjoxODAwMDAwMDAwMDAwfX0=",
          "dependencies": [
            "module.network.azurerm_private_dns_zone.zones",
            "module.network.azurerm_resource_group.hub",
            "module.network.azurerm_resource_group.spoke",
            "module.network.azurerm_virtual_network.spoke"
          ]
        },
        {
          "index_key": "privatelink.openai.azure.com",
          "schema_version": 0,
          "attributes": {
            "id": "/subscriptions/0a48cb5a-2ab9-463a-b1d7-b4478df386c1/resourceGroups/rg-network-hub/providers/Microsoft.Network/privateDnsZones/privatelink.openai.azure.com/virtualNetworkLinks/privatelink.openai.azure.com-spoke-link",
            "name": "privatelink.openai.azure.com-spoke-link",
            "private_dns_zone_name": "privatelink.openai.azure.com",
            "registration_enabled": false,
            "resource_group_name": "rg-network-hub",
            "tags": null,
            "timeouts": null,
            "virtual_network_id": "/subscriptions/0a48cb5a-2ab9-463a-b1d7-b4478df386c1/resourceGroups/rg-ai-spoke/providers/Microsoft.Network/virtualNetworks/vnet-ai-spoke"
          },
          "sensitive_attributes": [],
          "identity_schema_version": 0,
          "private": "eyJlMmJmYjczMC1lY2FhLTExZTYtOGY4OC0zNDM2M2JjN2M0YzAiOnsiY3JlYXRlIjoxODAwMDAwMDAwMDAwLCJkZWxldGUiOjE4MDAwMDAwMDAwMDAsInJlYWQiOjMwMDAwMDAwMDAwMCwidXBkYXRlIjoxODAwMDAwMDAwMDAwfX0=",
          "dependencies": [
            "module.network.azurerm_private_dns_zone.zones",
            "module.network.azurerm_resource_group.hub",
            "module.network.azurerm_resource_group.spoke",
            "module.network.azurerm_virtual_network.spoke"
          ]
        }
      ]
    },
    {
      "module": "module.network",
      "mode": "managed",
      "type": "azurerm_resource_group",
      "name": "hub",
      "provider": "module.network.provider[\"registry.terraform.io/hashicorp/azurerm\"]",
      "instances": [
        {
          "schema_version": 0,
          "attributes": {
            "id": "/subscriptions/0a48cb5a-2ab9-463a-b1d7-b4478df386c1/resourceGroups/rg-network-hub",
            "location": "eastus",
            "managed_by": "",
            "name": "rg-network-hub",
            "tags": null,
            "timeouts": null
          },
          "sensitive_attributes": [],
          "identity_schema_version": 0,
          "private": "eyJlMmJmYjczMC1lY2FhLTExZTYtOGY4OC0zNDM2M2JjN2M0YzAiOnsiY3JlYXRlIjo1NDAwMDAwMDAwMDAwLCJkZWxldGUiOjU0MDAwMDAwMDAwMDAsInJlYWQiOjMwMDAwMDAwMDAwMCwidXBkYXRlIjo1NDAwMDAwMDAwMDAwfX0="
        }
      ]
    },
    {
      "module": "module.network",
      "mode": "managed",
      "type": "azurerm_resource_group",
      "name": "spoke",
      "provider": "module.network.provider[\"registry.terraform.io/hashicorp/azurerm\"]",
      "instances": [
        {
          "schema_version": 0,
          "attributes": {
            "id": "/subscriptions/0a48cb5a-2ab9-463a-b1d7-b4478df386c1/resourceGroups/rg-ai-spoke",
            "location": "eastus",
            "managed_by": "",
            "name": "rg-ai-spoke",
            "tags": null,
            "timeouts": null
          },
          "sensitive_attributes": [],
          "identity_schema_version": 0,
          "private": "eyJlMmJmYjczMC1lY2FhLTExZTYtOGY4OC0zNDM2M2JjN2M0YzAiOnsiY3JlYXRlIjo1NDAwMDAwMDAwMDAwLCJkZWxldGUiOjU0MDAwMDAwMDAwMDAsInJlYWQiOjMwMDAwMDAwMDAwMCwidXBkYXRlIjo1NDAwMDAwMDAwMDAwfX0="
        }
      ]
    },
    {
      "module": "module.network",
      "mode": "managed",
      "type": "azurerm_subnet",
      "name": "gateway",
      "provider": "module.network.provider[\"registry.terraform.io/hashicorp/azurerm\"]",
      "instances": [
        {
          "schema_version": 0,
          "attributes": {
            "address_prefixes": [
              "10.1.0.128/25"
            ],
            "default_outbound_access_enabled": true,
            "delegation": [],
            "enforce_private_link_endpoint_network_policies": false,
            "enforce_private_link_service_network_policies": false,
            "id": "/subscriptions/0a48cb5a-2ab9-463a-b1d7-b4478df386c1/resourceGroups/rg-ai-spoke/providers/Microsoft.Network/virtualNetworks/vnet-ai-spoke/subnets/snet-gateway",
            "name": "snet-gateway",
            "private_endpoint_network_policies": "Enabled",
            "private_endpoint_network_policies_enabled": true,
            "private_link_service_network_policies_enabled": true,
            "resource_group_name": "rg-ai-spoke",
            "service_endpoint_policy_ids": null,
            "service_endpoints": [
              "Microsoft.KeyVault",
              "Microsoft.Storage"
            ],
            "timeouts": null,
            "virtual_network_name": "vnet-ai-spoke"
          },
          "sensitive_attributes": [],
          "identity_schema_version": 0,
          "private": "eyJlMmJmYjczMC1lY2FhLTExZTYtOGY4OC0zNDM2M2JjN2M0YzAiOnsiY3JlYXRlIjoxODAwMDAwMDAwMDAwLCJkZWxldGUiOjE4MDAwMDAwMDAwMDAsInJlYWQiOjMwMDAwMDAwMDAwMCwidXBkYXRlIjoxODAwMDAwMDAwMDAwfX0=",
          "dependencies": [
            "module.network.azurerm_resource_group.spoke",
            "module.network.azurerm_virtual_network.spoke"
          ]
        }
      ]
    },
    {
      "module": "module.network",
      "mode": "managed",
      "type": "azurerm_subnet",
      "name": "pe",
      "provider": "module.network.provider[\"registry.terraform.io/hashicorp/azurerm\"]",
      "instances": [
        {
          "schema_version": 0,
          "attributes": {
            "address_prefixes": [
              "10.1.0.0/25"
            ],
            "default_outbound_access_enabled": true,
            "delegation": [],
            "enforce_private_link_endpoint_network_policies": false,
            "enforce_private_link_service_network_policies": false,
            "id": "/subscriptions/0a48cb5a-2ab9-463a-b1d7-b4478df386c1/resourceGroups/rg-ai-spoke/providers/Microsoft.Network/virtualNetworks/vnet-ai-spoke/subnets/snet-pe",
            "name": "snet-pe",
            "private_endpoint_network_policies": "Enabled",
            "private_endpoint_network_policies_enabled": true,
            "private_link_service_network_policies_enabled": true,
            "resource_group_name": "rg-ai-spoke",
            "service_endpoint_policy_ids": null,
            "service_endpoints": [
              "Microsoft.KeyVault",
              "Microsoft.Storage"
            ],
            "timeouts": null,
            "virtual_network_name": "vnet-ai-spoke"
          },
          "sensitive_attributes": [],
          "identity_schema_version": 0,
          "private": "eyJlMmJmYjczMC1lY2FhLTExZTYtOGY4OC0zNDM2M2JjN2M0YzAiOnsiY3JlYXRlIjoxODAwMDAwMDAwMDAwLCJkZWxldGUiOjE4MDAwMDAwMDAwMDAsInJlYWQiOjMwMDAwMDAwMDAwMCwidXBkYXRlIjoxODAwMDAwMDAwMDAwfX0=",
          "dependencies": [
            "module.network.azurerm_resource_group.spoke",
            "module.network.azurerm_virtual_network.spoke"
          ]
        }
      ]
    },
    {
      "module": "module.network",
      "mode": "managed",
      "type": "azurerm_subnet_network_security_group_association",
      "name": "gateway_assoc",
      "provider": "module.network.provider[\"registry.terraform.io/hashicorp/azurerm\"]",
      "instances": [
        {
          "schema_version": 0,
          "attributes": {
            "id": "/subscriptions/0a48cb5a-2ab9-463a-b1d7-b4478df386c1/resourceGroups/rg-ai-spoke/providers/Microsoft.Network/virtualNetworks/vnet-ai-spoke/subnets/snet-gateway",
            "network_security_group_id": "/subscriptions/0a48cb5a-2ab9-463a-b1d7-b4478df386c1/resourceGroups/rg-ai-spoke/providers/Microsoft.Network/networkSecurityGroups/nsg-ai-spoke",
            "subnet_id": "/subscriptions/0a48cb5a-2ab9-463a-b1d7-b4478df386c1/resourceGroups/rg-ai-spoke/providers/Microsoft.Network/virtualNetworks/vnet-ai-spoke/subnets/snet-gateway",
            "timeouts": null
          },
          "sensitive_attributes": [],
          "identity_schema_version": 0,
          "private": "eyJlMmJmYjczMC1lY2FhLTExZTYtOGY4OC0zNDM2M2JjN2M0YzAiOnsiY3JlYXRlIjoxODAwMDAwMDAwMDAwLCJkZWxldGUiOjE4MDAwMDAwMDAwMDAsInJlYWQiOjMwMDAwMDAwMDAwMH19",
          "dependencies": [
            "module.network.azurerm_network_security_group.spoke",
            "module.network.azurerm_resource_group.spoke",
            "module.network.azurerm_subnet.gateway",
            "module.network.azurerm_virtual_network.spoke"
          ]
        }
      ]
    },
    {
      "module": "module.network",
      "mode": "managed",
      "type": "azurerm_subnet_network_security_group_association",
      "name": "pe_assoc",
      "provider": "module.network.provider[\"registry.terraform.io/hashicorp/azurerm\"]",
      "instances": [
        {
          "schema_version": 0,
          "attributes": {
            "id": "/subscriptions/0a48cb5a-2ab9-463a-b1d7-b4478df386c1/resourceGroups/rg-ai-spoke/providers/Microsoft.Network/virtualNetworks/vnet-ai-spoke/subnets/snet-pe",
            "network_security_group_id": "/subscriptions/0a48cb5a-2ab9-463a-b1d7-b4478df386c1/resourceGroups/rg-ai-spoke/providers/Microsoft.Network/networkSecurityGroups/nsg-ai-spoke",
            "subnet_id": "/subscriptions/0a48cb5a-2ab9-463a-b1d7-b4478df386c1/resourceGroups/rg-ai-spoke/providers/Microsoft.Network/virtualNetworks/vnet-ai-spoke/subnets/snet-pe",
            "timeouts": null
          },
          "sensitive_attributes": [],
          "identity_schema_version": 0,
          "private": "eyJlMmJmYjczMC1lY2FhLTExZTYtOGY4OC0zNDM2M2JjN2M0YzAiOnsiY3JlYXRlIjoxODAwMDAwMDAwMDAwLCJkZWxldGUiOjE4MDAwMDAwMDAwMDAsInJlYWQiOjMwMDAwMDAwMDAwMH19",
          "dependencies": [
            "module.network.azurerm_network_security_group.spoke",
            "module.network.azurerm_resource_group.spoke",
            "module.network.azurerm_subnet.pe",
            "module.network.azurerm_virtual_network.spoke"
          ]
        }
      ]
    },
    {
      "module": "module.network",
      "mode": "managed",
      "type": "azurerm_virtual_network",
      "name": "hub",
      "provider": "module.network.provider[\"registry.terraform.io/hashicorp/azurerm\"]",
      "instances": [
        {
          "schema_version": 0,
          "attributes": {
            "address_space": [
              "10.0.0.0/20"
            ],
            "bgp_community": "",
            "ddos_protection_plan": [],
            "dns_servers": [],
            "edge_zone": "",
            "encryption": [],
            "flow_timeout_in_minutes": 0,
            "guid": "be130ce6-aa82-42e4-b293-34606c4ccc51",
            "id": "/subscriptions/0a48cb5a-2ab9-463a-b1d7-b4478df386c1/resourceGroups/rg-network-hub/providers/Microsoft.Network/virtualNetworks/vnet-hub",
            "location": "eastus",
            "name": "vnet-hub",
            "resource_group_name": "rg-network-hub",
            "subnet": [],
            "tags": null,
            "timeouts": null
          },
          "sensitive_attributes": [],
          "identity_schema_version": 0,
          "private": "eyJlMmJmYjczMC1lY2FhLTExZTYtOGY4OC0zNDM2M2JjN2M0YzAiOnsiY3JlYXRlIjoxODAwMDAwMDAwMDAwLCJkZWxldGUiOjE4MDAwMDAwMDAwMDAsInJlYWQiOjMwMDAwMDAwMDAwMCwidXBkYXRlIjoxODAwMDAwMDAwMDAwfX0=",
          "dependencies": [
            "module.network.azurerm_resource_group.hub"
          ]
        }
      ]
    },
    {
      "module": "module.network",
      "mode": "managed",
      "type": "azurerm_virtual_network",
      "name": "spoke",
      "provider": "module.network.provider[\"registry.terraform.io/hashicorp/azurerm\"]",
      "instances": [
        {
          "schema_version": 0,
          "attributes": {
            "address_space": [
              "10.1.0.0/22"
            ],
            "bgp_community": "",
            "ddos_protection_plan": [],
            "dns_servers": [],
            "edge_zone": "",
            "encryption": [],
            "flow_timeout_in_minutes": 0,
            "guid": "1a892016-6f44-488f-b918-4aee7b05b6f1",
            "id": "/subscriptions/0a48cb5a-2ab9-463a-b1d7-b4478df386c1/resourceGroups/rg-ai-spoke/providers/Microsoft.Network/virtualNetworks/vnet-ai-spoke",
            "location": "eastus",
            "name": "vnet-ai-spoke",
            "resource_group_name": "rg-ai-spoke",
            "subnet": [],
            "tags": null,
            "timeouts": null
          },
          "sensitive_attributes": [],
          "identity_schema_version": 0,
          "private": "eyJlMmJmYjczMC1lY2FhLTExZTYtOGY4OC0zNDM2M2JjN2M0YzAiOnsiY3JlYXRlIjoxODAwMDAwMDAwMDAwLCJkZWxldGUiOjE4MDAwMDAwMDAwMDAsInJlYWQiOjMwMDAwMDAwMDAwMCwidXBkYXRlIjoxODAwMDAwMDAwMDAwfX0=",
          "dependencies": [
            "module.network.azurerm_resource_group.spoke"
          ]
        }
      ]
    },
    {
      "module": "module.network",
      "mode": "managed",
      "type": "azurerm_virtual_network_peering",
      "name": "hub_to_spoke",
      "provider": "module.network.provider[\"registry.terraform.io/hashicorp/azurerm\"]",
      "instances": [
        {
          "schema_version": 0,
          "attributes": {
            "allow_forwarded_traffic": true,
            "allow_gateway_transit": false,
            "allow_virtual_network_access": true,
            "id": "/subscriptions/0a48cb5a-2ab9-463a-b1d7-b4478df386c1/resourceGroups/rg-network-hub/providers/Microsoft.Network/virtualNetworks/vnet-hub/virtualNetworkPeerings/hub-to-spoke",
            "local_subnet_names": null,
            "name": "hub-to-spoke",
            "only_ipv6_peering_enabled": false,
            "peer_complete_virtual_networks_enabled": true,
            "remote_subnet_names": null,
            "remote_virtual_network_id": "/subscriptions/0a48cb5a-2ab9-463a-b1d7-b4478df386c1/resourceGroups/rg-ai-spoke/providers/Microsoft.Network/virtualNetworks/vnet-ai-spoke",
            "resource_group_name": "rg-network-hub",
            "timeouts": null,
            "triggers": null,
            "use_remote_gateways": false,
            "virtual_network_name": "vnet-hub"
          },
          "sensitive_attributes": [],
          "identity_schema_version": 0,
          "private": "eyJlMmJmYjczMC1lY2FhLTExZTYtOGY4OC0zNDM2M2JjN2M0YzAiOnsiY3JlYXRlIjoxODAwMDAwMDAwMDAwLCJkZWxldGUiOjE4MDAwMDAwMDAwMDAsInJlYWQiOjMwMDAwMDAwMDAwMCwidXBkYXRlIjoxODAwMDAwMDAwMDAwfX0=",
          "dependencies": [
            "module.network.azurerm_resource_group.hub",
            "module.network.azurerm_resource_group.spoke",
            "module.network.azurerm_virtual_network.hub",
            "module.network.azurerm_virtual_network.spoke"
          ]
        }
      ]
    },
    {
      "module": "module.network",
      "mode": "managed",
      "type": "azurerm_virtual_network_peering",
      "name": "spoke_to_hub",
      "provider": "module.network.provider[\"registry.terraform.io/hashicorp/azurerm\"]",
      "instances": [
        {
          "schema_version": 0,
          "attributes": {
            "allow_forwarded_traffic": true,
            "allow_gateway_transit": false,
            "allow_virtual_network_access": true,
            "id": "/subscriptions/0a48cb5a-2ab9-463a-b1d7-b4478df386c1/resourceGroups/rg-ai-spoke/providers/Microsoft.Network/virtualNetworks/vnet-ai-spoke/virtualNetworkPeerings/spoke-to-hub",
            "local_subnet_names": null,
            "name": "spoke-to-hub",
            "only_ipv6_peering_enabled": false,
            "peer_complete_virtual_networks_enabled": true,
            "remote_subnet_names": null,
            "remote_virtual_network_id": "/subscriptions/0a48cb5a-2ab9-463a-b1d7-b4478df386c1/resourceGroups/rg-network-hub/providers/Microsoft.Network/virtualNetworks/vnet-hub",
            "resource_group_name": "rg-ai-spoke",
            "timeouts": null,
            "triggers": null,
            "use_remote_gateways": false,
            "virtual_network_name": "vnet-ai-spoke"
          },
          "sensitive_attributes": [],
          "identity_schema_version": 0,
          "private": "eyJlMmJmYjczMC1lY2FhLTExZTYtOGY4OC0zNDM2M2JjN2M0YzAiOnsiY3JlYXRlIjoxODAwMDAwMDAwMDAwLCJkZWxldGUiOjE4MDAwMDAwMDAwMDAsInJlYWQiOjMwMDAwMDAwMDAwMCwidXBkYXRlIjoxODAwMDAwMDAwMDAwfX0=",
          "dependencies": [
            "module.network.azurerm_resource_group.hub",
            "module.network.azurerm_resource_group.spoke",
            "module.network.azurerm_virtual_network.hub",
            "module.network.azurerm_virtual_network.spoke"
          ]
        }
      ]
    },
    {
      "module": "module.observability",
      "mode": "managed",
      "type": "azurerm_log_analytics_workspace",
      "name": "law",
      "provider": "module.observability.provider[\"registry.terraform.io/hashicorp/azurerm\"]",
      "instances": [
        {
          "schema_version": 3,
          "attributes": {
            "allow_resource_only_permissions": true,
            "cmk_for_query_forced": false,
            "daily_quota_gb": -1,
            "data_collection_rule_id": "",
            "id": "/subscriptions/0a48cb5a-2ab9-463a-b1d7-b4478df386c1/resourceGroups/rg-network-hub/providers/Microsoft.OperationalInsights/workspaces/law-ai-0e9ef0",
            "identity": [],
            "immediate_data_purge_on_30_days_enabled": false,
            "internet_ingestion_enabled": true,
            "internet_query_enabled": true,
            "local_authentication_disabled": false,
            "location": "eastus",
            "name": "law-ai-0e9ef0",
            "primary_shared_key": "RT2Zm+ycFQ7BdwrWzXfNDDZHiBT6bbdZvEUkxcwwYNXNJzN9qZ9BvAI9YeFbdElnfJEyBDa1eaV4myOsCDnYmg==",
            "reservation_capacity_in_gb_per_day": null,
            "resource_group_name": "rg-network-hub",
            "retention_in_days": 365,
            "secondary_shared_key": "rSrtt997B3Ij6qsgYE55w6oVgeGg5ilJQPXHj7LHIVRsYwI/Cn/jmqjgVgUqAEyen/FFGS9EnhMNlbzSkK+9SQ==",
            "sku": "PerGB2018",
            "tags": null,
            "timeouts": null,
            "workspace_id": "74c01cb0-ed9b-4c70-8e7c-8f8db1343e55"
          },
          "sensitive_attributes": [
            [
              {
                "type": "get_attr",
                "value": "primary_shared_key"
              }
            ],
            [
              {
                "type": "get_attr",
                "value": "secondary_shared_key"
              }
            ]
          ],
          "identity_schema_version": 0,
          "private": "eyJlMmJmYjczMC1lY2FhLTExZTYtOGY4OC0zNDM2M2JjN2M0YzAiOnsiY3JlYXRlIjoxODAwMDAwMDAwMDAwLCJkZWxldGUiOjE4MDAwMDAwMDAwMDAsInJlYWQiOjMwMDAwMDAwMDAwMCwidXBkYXRlIjoxODAwMDAwMDAwMDAwfSwic2NoZW1hX3ZlcnNpb24iOiIzIn0=",
          "dependencies": [
            "module.network.azurerm_resource_group.hub"
          ]
        }
      ]
    },
    {
      "module": "module.observability",
      "mode": "managed",
      "type": "azurerm_storage_account",
      "name": "diag",
      "provider": "module.observability.provider[\"registry.terraform.io/hashicorp/azurerm\"]",
      "instances": [
        {
          "schema_version": 4,
          "attributes": {
            "access_tier": "Hot",
            "account_kind": "StorageV2",
            "account_replication_type": "GRS",
            "account_tier": "Standard",
            "allow_nested_items_to_be_public": false,
            "allowed_copy_scope": "",
            "azure_files_authentication": [],
            "blob_properties": [
              {
                "change_feed_enabled": false,
                "change_feed_retention_in_days": 0,
                "container_delete_retention_policy": [],
                "cors_rule": [],
                "default_service_version": "",
                "delete_retention_policy": [],
                "last_access_time_enabled": false,
                "restore_policy": [],
                "versioning_enabled": false
              }
            ],
            "cross_tenant_replication_enabled": true,
            "custom_domain": [],
            "customer_managed_key": [],
            "default_to_oauth_authentication": false,
            "dns_endpoint_type": "Standard",
            "edge_zone": "",
            "enable_https_traffic_only": true,
            "https_traffic_only_enabled": true,
            "id": "/subscriptions/0a48cb5a-2ab9-463a-b1d7-b4478df386c1/resourceGroups/rg-network-hub/providers/Microsoft.Storage/storageAccounts/stdiagff369894",
            "identity": [],
            "immutability_policy": [],
            "infrastructure_encryption_enabled": true,
            "is_hns_enabled": false,
            "large_file_share_enabled": false,
            "local_user_enabled": true,
            "location": "eastus",
            "min_tls_version": "TLS1_2",
            "name": "stdiagff369894",
            "network_rules": [],
            "nfsv3_enabled": false,
            "primary_access_key": "/6fkmIkh96+IqBdxSkSYPaEiVDYx9zYrvDRBAZsIGu3Sg03OUuoWOvbce66ooWPNvNWr2NwhfkM3+AStds7pYQ==",
            "primary_blob_connection_string": "DefaultEndpointsProtocol=https;BlobEndpoint=https://stdiagff369894.blob.core.windows.net/;AccountName=stdiagff369894;AccountKey=/6fkmIkh96+IqBdxSkSYPaEiVDYx9zYrvDRBAZsIGu3Sg03OUuoWOvbce66ooWPNvNWr2NwhfkM3+AStds7pYQ==",
            "primary_blob_endpoint": "https://stdiagff369894.blob.core.windows.net/",
            "primary_blob_host": "stdiagff369894.blob.core.windows.net",
            "primary_blob_internet_endpoint": "",
            "primary_blob_internet_host": "",
            "primary_blob_microsoft_endpoint": "",
            "primary_blob_microsoft_host": "",
            "primary_connection_string": "DefaultEndpointsProtocol=https;AccountName=stdiagff369894;AccountKey=/6fkmIkh96+IqBdxSkSYPaEiVDYx9zYrvDRBAZsIGu3Sg03OUuoWOvbce66ooWPNvNWr2NwhfkM3+AStds7pYQ==;EndpointSuffix=core.windows.net",
            "primary_dfs_endpoint": "https://stdiagff369894.dfs.core.windows.net/",
            "primary_dfs_host": "stdiagff369894.dfs.core.windows.net",
            "primary_dfs_internet_endpoint": "",
            "primary_dfs_internet_host": "",
            "primary_dfs_microsoft_endpoint": "",
            "primary_dfs_microsoft_host": "",
            "primary_file_endpoint": "https://stdiagff369894.file.core.windows.net/",
            "primary_file_host": "stdiagff369894.file.core.windows.net",
            "primary_file_internet_endpoint": "",
            "primary_file_internet_host": "",
            "primary_file_microsoft_endpoint": "",
            "primary_file_microsoft_host": "",
            "primary_location": "eastus",
            "primary_queue_endpoint": "https://stdiagff369894.queue.core.windows.net/",
            "primary_queue_host": "stdiagff369894.queue.core.windows.net",
            "primary_queue_microsoft_endpoint": "",
            "primary_queue_microsoft_host": "",
            "primary_table_endpoint": "https://stdiagff369894.table.core.windows.net/",
            "primary_table_host": "stdiagff369894.table.core.windows.net",
            "primary_table_microsoft_endpoint": "",
            "primary_table_microsoft_host": "",
            "primary_web_endpoint": "https://stdiagff369894.z13.web.core.windows.net/",
            "primary_web_host": "stdiagff369894.z13.web.core.windows.net",
            "primary_web_internet_endpoint": "",
            "primary_web_internet_host": "",
            "primary_web_microsoft_endpoint": "",
            "primary_web_microsoft_host": "",
            "public_network_access_enabled": true,
            "queue_encryption_key_type": "Service",
            "queue_properties": [
              {
                "cors_rule": [],
                "hour_metrics": [
                  {
                    "enabled": false,
                    "include_apis": false,
                    "retention_policy_days": 0,
                    "version": "1.0"
                  }
                ],
                "logging": [
                  {
                    "delete": true,
                    "read": true,
                    "retention_policy_days": 0,
                    "version": "1.0",
                    "write": true
                  }
                ],
                "minute_metrics": [
                  {
                    "enabled": false,
                    "include_apis": false,
                    "retention_policy_days": 0,
                    "version": "1.0"
                  }
                ]
              }
            ],
            "resource_group_name": "rg-network-hub",
            "routing": [],
            "sas_policy": [],
            "secondary_access_key": "KNjwEWrARM6NSEhBsisFCL3D+q80rrEkSBNacKZYBg1ELyEjirOE9XA1eoppOsPzXpBWPXqZGIfz+AStRBoRJA==",
            "secondary_blob_connection_string": "",
            "secondary_blob_endpoint": "",
            "secondary_blob_host": "",
            "secondary_blob_internet_endpoint": "",
            "secondary_blob_internet_host": "",
            "secondary_blob_microsoft_endpoint": "",
            "secondary_blob_microsoft_host": "",
            "secondary_connection_string": "DefaultEndpointsProtocol=https;AccountName=stdiagff369894;AccountKey=KNjwEWrARM6NSEhBsisFCL3D+q80rrEkSBNacKZYBg1ELyEjirOE9XA1eoppOsPzXpBWPXqZGIfz+AStRBoRJA==;EndpointSuffix=core.windows.net",
            "secondary_dfs_endpoint": "",
            "secondary_dfs_host": "",
            "secondary_dfs_internet_endpoint": "",
            "secondary_dfs_internet_host": "",
            "secondary_dfs_microsoft_endpoint": "",
            "secondary_dfs_microsoft_host": "",
            "secondary_file_endpoint": "",
            "secondary_file_host": "",
            "secondary_file_internet_endpoint": "",
            "secondary_file_internet_host": "",
            "secondary_file_microsoft_endpoint": "",
            "secondary_file_microsoft_host": "",
            "secondary_location": "westus",
            "secondary_queue_endpoint": "",
            "secondary_queue_host": "",
            "secondary_queue_microsoft_endpoint": "",
            "secondary_queue_microsoft_host": "",
            "secondary_table_endpoint": "",
            "secondary_table_host": "",
            "secondary_table_microsoft_endpoint": "",
            "secondary_table_microsoft_host": "",
            "secondary_web_endpoint": "",
            "secondary_web_host": "",
            "secondary_web_internet_endpoint": "",
            "secondary_web_internet_host": "",
            "secondary_web_microsoft_endpoint": "",
            "secondary_web_microsoft_host": "",
            "sftp_enabled": false,
            "share_properties": [
              {
                "cors_rule": [],
                "retention_policy": [
                  {
                    "days": 7
                  }
                ],
                "smb": []
              }
            ],
            "shared_access_key_enabled": true,
            "static_website": [],
            "table_encryption_key_type": "Service",
            "tags": null,
            "timeouts": null
          },
          "sensitive_attributes": [
            [
              {
                "type": "get_attr",
                "value": "primary_access_key"
              }
            ],
            [
              {
                "type": "get_attr",
                "value": "primary_blob_connection_string"
              }
            ],
            [
              {
                "type": "get_attr",
                "value": "primary_connection_string"
              }
            ],
            [
              {
                "type": "get_attr",
                "value": "secondary_access_key"
              }
            ],
            [
              {
                "type": "get_attr",
                "value": "secondary_blob_connection_string"
              }
            ],
            [
              {
                "type": "get_attr",
                "value": "secondary_connection_string"
              }
            ]
          ],
          "identity_schema_version": 0,
          "private": "eyJlMmJmYjczMC1lY2FhLTExZTYtOGY4OC0zNDM2M2JjN2M0YzAiOnsiY3JlYXRlIjozNjAwMDAwMDAwMDAwLCJkZWxldGUiOjM2MDAwMDAwMDAwMDAsInJlYWQiOjMwMDAwMDAwMDAwMCwidXBkYXRlIjozNjAwMDAwMDAwMDAwfSwic2NoZW1hX3ZlcnNpb24iOiI0In0=",
          "dependencies": [
            "module.network.azurerm_resource_group.hub"
          ]
        }
      ]
    },
    {
      "module": "module.observability",
      "mode": "managed",
      "type": "azurerm_storage_management_policy",
      "name": "diag_retention",
      "provider": "module.observability.provider[\"registry.terraform.io/hashicorp/azurerm\"]",
      "instances": [
        {
          "schema_version": 0,
          "attributes": {
            "id": "/subscriptions/0a48cb5a-2ab9-463a-b1d7-b4478df386c1/resourceGroups/rg-network-hub/providers/Microsoft.Storage/storageAccounts/stdiagff369894/managementPolicies/default",
            "rule": [
              {
                "actions": [
                  {
                    "base_blob": [
                      {
                        "auto_tier_to_hot_from_cool_enabled": false,
                        "delete_after_days_since_creation_greater_than": -1,
                        "delete_after_days_since_last_access_time_greater_than": -1,
                        "delete_after_days_since_modification_greater_than": 90,
                        "tier_to_archive_after_days_since_creation_greater_than": -1,
                        "tier_to_archive_after_days_since_last_access_time_greater_than": -1,
                        "tier_to_archive_after_days_since_last_tier_change_greater_than": -1,
                        "tier_to_archive_after_days_since_modification_greater_than": -1,
                        "tier_to_cold_after_days_since_creation_greater_than": -1,
                        "tier_to_cold_after_days_since_last_access_time_greater_than": -1,
                        "tier_to_cold_after_days_since_modification_greater_than": -1,
                        "tier_to_cool_after_days_since_creation_greater_than": -1,
                        "tier_to_cool_after_days_since_last_access_time_greater_than": -1,
                        "tier_to_cool_after_days_since_modification_greater_than": -1
                      }
                    ],
                    "snapshot": [],
                    "version": []
                  }
                ],
                "enabled": true,
                "filters": [
                  {
                    "blob_types": [
                      "blockBlob"
                    ],
                    "match_blob_index_tag": [],
                    "prefix_match": [
                      "insights-logs-",
                      "insights-metrics-pt1m"
                    ]
                  }
                ],
                "name": "log-retention-90-days"
              }
            ],
            "storage_account_id": "/subscriptions/0a48cb5a-2ab9-463a-b1d7-b4478df386c1/resourceGroups/rg-network-hub/providers/Microsoft.Storage/storageAccounts/stdiagff369894",
            "timeouts": null
          },
          "sensitive_attributes": [],
          "identity_schema_version": 0,
          "private": "eyJlMmJmYjczMC1lY2FhLTExZTYtOGY4OC0zNDM2M2JjN2M0YzAiOnsiY3JlYXRlIjoxODAwMDAwMDAwMDAwLCJkZWxldGUiOjE4MDAwMDAwMDAwMDAsInJlYWQiOjMwMDAwMDAwMDAwMCwidXBkYXRlIjoxODAwMDAwMDAwMDAwfX0=",
          "dependencies": [
            "module.network.azurerm_resource_group.hub",
            "module.observability.azurerm_storage_account.diag"
          ]
        }
      ]
    },
    {
      "module": "module.org_guardrails",
      "mode": "data",
      "type": "azurerm_policy_definition",
      "name": "allowed_locations",
      "provider": "module.org_guardrails.provider[\"registry.terraform.io/hashicorp/azurerm\"]",
      "instances": [
        {
          "schema_version": 0,
          "attributes": {
            "description": "This policy enables you to restrict the locations your organization can specify when deploying resources. Use to enforce your geo-compliance requirements. Excludes resource groups, Microsoft.AzureActiveDirectory/b2cDirectories, and resources that use the 'global' region.",
            "display_name": "Allowed locations",
            "id": "/providers/Microsoft.Authorization/policyDefinitions/e56962a6-4747-49cd-b67b-bf8b01975c4c",
            "management_group_name": null,
            "metadata": "{\"category\":\"General\",\"version\":\"1.0.0\"}",
            "mode": "Indexed",
            "name": "e56962a6-4747-49cd-b67b-bf8b01975c4c",
            "parameters": "{\"listOfAllowedLocations\":{\"type\":\"Array\",\"metadata\":{\"description\":\"The list of locations that can be specified when deploying resources.\",\"displayName\":\"Allowed locations\",\"strongType\":\"location\"}}}",
            "policy_rule": "{\"if\":{\"allOf\":[{\"field\":\"location\",\"notIn\":\"[parameters('listOfAllowedLocations')]\"},{\"field\":\"location\",\"notEquals\":\"global\"},{\"field\":\"type\",\"notEquals\":\"Microsoft.AzureActiveDirectory/b2cDirectories\"}]},\"then\":{\"effect\":\"deny\"}}",
            "policy_type": "BuiltIn",
            "role_definition_ids": [],
            "timeouts": null,
            "type": "Microsoft.Authorization/policyDefinitions"
          },
          "sensitive_attributes": [],
          "identity_schema_version": 0
        }
      ]
    },
    {
      "module": "module.org_guardrails",
      "mode": "data",
      "type": "azurerm_policy_definition",
      "name": "require_tags",
      "provider": "module.org_guardrails.provider[\"registry.terraform.io/hashicorp/azurerm\"]",
      "instances": [
        {
          "schema_version": 0,
          "attributes": {
            "description": "Enforces existence of a tag. Does not apply to resource groups.",
            "display_name": "Require a tag on resources",
            "id": "/providers/Microsoft.Authorization/policyDefinitions/871b6d14-10aa-478d-b590-94f262ecfa99",
            "management_group_name": null,
            "metadata": "{\"category\":\"Tags\",\"version\":\"1.0.1\"}",
            "mode": "Indexed",
            "name": "871b6d14-10aa-478d-b590-94f262ecfa99",
            "parameters": "{\"tagName\":{\"type\":\"String\",\"metadata\":{\"description\":\"Name of the tag, such as 'environment'\",\"displayName\":\"Tag Name\"}}}",
            "policy_rule": "{\"if\":{\"exists\":\"false\",\"field\":\"[concat('tags[', parameters('tagName'), ']')]\"},\"then\":{\"effect\":\"deny\"}}",
            "policy_type": "BuiltIn",
            "role_definition_ids": [],
            "timeouts": null,
            "type": "Microsoft.Authorization/policyDefinitions"
          },
          "sensitive_attributes": [],
          "identity_schema_version": 0
        }
      ]
    },
    {
      "module": "module.org_guardrails",
      "mode": "managed",
      "type": "azurerm_management_group",
      "name": "org",
      "provider": "module.org_guardrails.provider[\"registry.terraform.io/hashicorp/azurerm\"]",
      "instances": [
        {
          "schema_version": 0,
          "attributes": {
            "display_name": "mg-ai",
            "id": "/providers/Microsoft.Management/managementGroups/mg-ai",
            "name": "mg-ai",
            "parent_management_group_id": "/providers/Microsoft.Management/managementGroups/21d52c09-b753-43a2-8193-8ac25552c60e",
            "subscription_ids": [],
            "tenant_scoped_id": "/tenants/21d52c09-b753-43a2-8193-8ac25552c60e/providers/Microsoft.Management/managementGroups/mg-ai",
            "timeouts": null
          },
          "sensitive_attributes": [],
          "identity_schema_version": 0,
          "private": "eyJlMmJmYjczMC1lY2FhLTExZTYtOGY4OC0zNDM2M2JjN2M0YzAiOnsiY3JlYXRlIjoxODAwMDAwMDAwMDAwLCJkZWxldGUiOjE4MDAwMDAwMDAwMDAsInJlYWQiOjMwMDAwMDAwMDAwMCwidXBkYXRlIjoxODAwMDAwMDAwMDAwfX0="
        }
      ]
    },
    {
      "module": "module.org_guardrails",
      "mode": "managed",
      "type": "azurerm_management_group_policy_assignment",
      "name": "allowed_locations",
      "provider": "module.org_guardrails.provider[\"registry.terraform.io/hashicorp/azurerm\"]",
      "instances": [
        {
          "schema_version": 0,
          "attributes": {
            "description": "",
            "display_name": "",
            "enforce": true,
            "id": "/providers/Microsoft.Management/managementGroups/mg-ai/providers/Microsoft.Authorization/policyAssignments/allowed-locations",
            "identity": [],
            "location": "",
            "management_group_id": "/providers/Microsoft.Management/managementGroups/mg-ai",
            "metadata": "{\"assignedBy\":\"Terraform – org_guardrails module\",\"category\":\"General\",\"createdBy\":\"aa4177f7-51f0-49d2-bd48-978c079fd31f\",\"createdOn\":\"2025-08-15T14:20:50.3783699Z\",\"updatedBy\":null,\"updatedOn\":null}",
            "name": "allowed-locations",
            "non_compliance_message": [],
            "not_scopes": null,
            "overrides": [],
            "parameters": "{\"listOfAllowedLocations\":{\"value\":[]}}",
            "policy_definition_id": "/providers/Microsoft.Authorization/policyDefinitions/e56962a6-4747-49cd-b67b-bf8b01975c4c",
            "resource_selectors": [],
            "timeouts": null
          },
          "sensitive_attributes": [],
          "identity_schema_version": 0,
          "private": "eyJlMmJmYjczMC1lY2FhLTExZTYtOGY4OC0zNDM2M2JjN2M0YzAiOnsiY3JlYXRlIjoxODAwMDAwMDAwMDAwLCJkZWxldGUiOjE4MDAwMDAwMDAwMDAsInJlYWQiOjMwMDAwMDAwMDAwMCwidXBkYXRlIjoxODAwMDAwMDAwMDAwfX0=",
          "dependencies": [
            "module.org_guardrails.azurerm_management_group.org",
            "module.org_guardrails.data.azurerm_policy_definition.allowed_locations"
          ]
        }
      ]
    },
    {
      "module": "module.org_guardrails",
      "mode": "managed",
      "type": "azurerm_management_group_policy_assignment",
      "name": "cogsvc_require_cmk",
      "provider": "module.org_guardrails.provider[\"registry.terraform.io/hashicorp/azurerm\"]",
      "instances": [
        {
          "schema_version": 0,
          "attributes": {
            "description": "",
            "display_name": "",
            "enforce": true,
            "id": "/providers/Microsoft.Management/managementGroups/mg-ai/providers/Microsoft.Authorization/policyAssignments/cogsvc-require-cmk",
            "identity": [],
            "location": "",
            "management_group_id": "/providers/Microsoft.Management/managementGroups/mg-ai",
            "metadata": "{\"assignedBy\":\"Terraform – org_guardrails module\",\"category\":\"Cognitive Services\",\"createdBy\":\"aa4177f7-51f0-49d2-bd48-978c079fd31f\",\"createdOn\":\"2025-08-15T14:22:10.2253421Z\",\"updatedBy\":null,\"updatedOn\":null}",
            "name": "cogsvc-require-cmk",
            "non_compliance_message": [],
            "not_scopes": null,
            "overrides": [],
            "parameters": "",
            "policy_definition_id": "/providers/Microsoft.Management/managementGroups/mg-ai/providers/Microsoft.Authorization/policyDefinitions/cogsvc-require-cmk",
            "resource_selectors": [],
            "timeouts": null
          },
          "sensitive_attributes": [],
          "identity_schema_version": 0,
          "private": "eyJlMmJmYjczMC1lY2FhLTExZTYtOGY4OC0zNDM2M2JjN2M0YzAiOnsiY3JlYXRlIjoxODAwMDAwMDAwMDAwLCJkZWxldGUiOjE4MDAwMDAwMDAwMDAsInJlYWQiOjMwMDAwMDAwMDAwMCwidXBkYXRlIjoxODAwMDAwMDAwMDAwfX0=",
          "dependencies": [
            "module.org_guardrails.azurerm_management_group.org",
            "module.org_guardrails.azurerm_policy_definition.cogsvc_require_cmk"
          ]
        }
      ]
    },
    {
      "module": "module.org_guardrails",
      "mode": "managed",
      "type": "azurerm_management_group_policy_assignment",
      "name": "require_tags",
      "provider": "module.org_guardrails.provider[\"registry.terraform.io/hashicorp/azurerm\"]",
      "instances": [
        {
          "schema_version": 0,
          "attributes": {
            "description": "",
            "display_name": "",
            "enforce": true,
            "id": "/providers/Microsoft.Management/managementGroups/mg-ai/providers/Microsoft.Authorization/policyAssignments/require-common-tags",
            "identity": [],
            "location": "",
            "management_group_id": "/providers/Microsoft.Management/managementGroups/mg-ai",
            "metadata": "{\"assignedBy\":\"Terraform – org_guardrails module\",\"category\":\"Tags\",\"createdBy\":\"aa4177f7-51f0-49d2-bd48-978c079fd31f\",\"createdOn\":\"2025-08-15T14:20:36.9385167Z\",\"updatedBy\":null,\"updatedOn\":null}",
            "name": "require-common-tags",
            "non_compliance_message": [],
            "not_scopes": null,
            "overrides": [],
            "parameters": "{\"tagName\":{\"value\":\"environment\"}}",
            "policy_definition_id": "/providers/Microsoft.Authorization/policyDefinitions/871b6d14-10aa-478d-b590-94f262ecfa99",
            "resource_selectors": [],
            "timeouts": null
          },
          "sensitive_attributes": [],
          "identity_schema_version": 0,
          "private": "eyJlMmJmYjczMC1lY2FhLTExZTYtOGY4OC0zNDM2M2JjN2M0YzAiOnsiY3JlYXRlIjoxODAwMDAwMDAwMDAwLCJkZWxldGUiOjE4MDAwMDAwMDAwMDAsInJlYWQiOjMwMDAwMDAwMDAwMCwidXBkYXRlIjoxODAwMDAwMDAwMDAwfX0=",
          "dependencies": [
            "module.org_guardrails.azurerm_management_group.org",
            "module.org_guardrails.data.azurerm_policy_definition.require_tags"
          ]
        }
      ]
    },
    {
      "module": "module.org_guardrails",
      "mode": "managed",
      "type": "azurerm_policy_definition",
      "name": "cogsvc_deny_public_access",
      "provider": "module.org_guardrails.provider[\"registry.terraform.io/hashicorp/azurerm\"]",
      "instances": [
        {
          "schema_version": 0,
          "attributes": {
            "description": "",
            "display_name": "Cognitive Services accounts should disable public network access",
            "id": "/providers/Microsoft.Management/managementGroups/mg-ai/providers/Microsoft.Authorization/policyDefinitions/cogsvc-deny-public-network-access",
            "management_group_id": "/providers/Microsoft.Management/managementGroups/mg-ai",
            "metadata": "{\"category\":\"Cognitive Services\",\"createdBy\":\"aa4177f7-51f0-49d2-bd48-978c079fd31f\",\"createdOn\":\"2025-08-15T14:20:50.5871914Z\",\"updatedBy\":null,\"updatedOn\":null}",
            "mode": "Indexed",
            "name": "cogsvc-deny-public-network-access",
            "parameters": "",
            "policy_rule": "{\"if\":{\"allOf\":[{\"equals\":\"Microsoft.CognitiveServices/accounts\",\"field\":\"type\"},{\"equals\":\"Enabled\",\"field\":\"Microsoft.CognitiveServices/accounts/publicNetworkAccess\"}]},\"then\":{\"effect\":\"deny\"}}",
            "policy_type": "Custom",
            "role_definition_ids": [],
            "timeouts": null
          },
          "sensitive_attributes": [],
          "identity_schema_version": 0,
          "private": "eyJlMmJmYjczMC1lY2FhLTExZTYtOGY4OC0zNDM2M2JjN2M0YzAiOnsiY3JlYXRlIjoxODAwMDAwMDAwMDAwLCJkZWxldGUiOjE4MDAwMDAwMDAwMDAsInJlYWQiOjMwMDAwMDAwMDAwMCwidXBkYXRlIjoxODAwMDAwMDAwMDAwfX0=",
          "dependencies": [
            "module.org_guardrails.azurerm_management_group.org"
          ]
        }
      ]
    },
    {
      "module": "module.org_guardrails",
      "mode": "managed",
      "type": "azurerm_policy_definition",
      "name": "cogsvc_require_cmk",
      "provider": "module.org_guardrails.provider[\"registry.terraform.io/hashicorp/azurerm\"]",
      "instances": [
        {
          "schema_version": 0,
          "attributes": {
            "description": "",
            "display_name": "Cognitive Services accounts should use customer-managed keys",
            "id": "/providers/Microsoft.Management/managementGroups/mg-ai/providers/Microsoft.Authorization/policyDefinitions/cogsvc-require-cmk",
            "management_group_id": "/providers/Microsoft.Management/managementGroups/mg-ai",
            "metadata": "{\"category\":\"Cognitive Services\",\"createdBy\":\"aa4177f7-51f0-49d2-bd48-978c079fd31f\",\"createdOn\":\"2025-08-15T14:20:37.9080605Z\",\"updatedBy\":null,\"updatedOn\":null}",
            "mode": "Indexed",
            "name": "cogsvc-require-cmk",
            "parameters": "",
            "policy_rule": "{\"if\":{\"allOf\":[{\"equals\":\"Microsoft.CognitiveServices/accounts\",\"field\":\"type\"},{\"not\":{\"equals\":\"Microsoft.KeyVault\",\"field\":\"Microsoft.CognitiveServices/accounts/encryption.keySource\"}}]},\"then\":{\"effect\":\"deny\"}}",
            "policy_type": "Custom",
            "role_definition_ids": [],
            "timeouts": null
          },
          "sensitive_attributes": [],
          "identity_schema_version": 0,
          "private": "eyJlMmJmYjczMC1lY2FhLTExZTYtOGY4OC0zNDM2M2JjN2M0YzAiOnsiY3JlYXRlIjoxODAwMDAwMDAwMDAwLCJkZWxldGUiOjE4MDAwMDAwMDAwMDAsInJlYWQiOjMwMDAwMDAwMDAwMCwidXBkYXRlIjoxODAwMDAwMDAwMDAwfX0=",
          "dependencies": [
            "module.org_guardrails.azurerm_management_group.org"
          ]
        }
      ]
    },
    {
      "module": "module.org_guardrails",
      "mode": "managed",
      "type": "azurerm_policy_definition",
      "name": "kv_deny_public_access",
      "provider": "module.org_guardrails.provider[\"registry.terraform.io/hashicorp/azurerm\"]",
      "instances": [
        {
          "schema_version": 0,
          "attributes": {
            "description": "",
            "display_name": "Key Vault should disable public network access",
            "id": "/providers/Microsoft.Management/managementGroups/mg-ai/providers/Microsoft.Authorization/policyDefinitions/kv-deny-public-network-access",
            "management_group_id": "/providers/Microsoft.Management/managementGroups/mg-ai",
            "metadata": "{\"category\":\"Key Vault\",\"createdBy\":\"aa4177f7-51f0-49d2-bd48-978c079fd31f\",\"createdOn\":\"2025-08-15T14:20:49.8932436Z\",\"updatedBy\":null,\"updatedOn\":null}",
            "mode": "Indexed",
            "name": "kv-deny-public-network-access",
            "parameters": "",
            "policy_rule": "{\"if\":{\"allOf\":[{\"equals\":\"Microsoft.KeyVault/vaults\",\"field\":\"type\"},{\"equals\":\"Allow\",\"field\":\"Microsoft.KeyVault/vaults/networkAcls.defaultAction\"}]},\"then\":{\"effect\":\"deny\"}}",
            "policy_type": "Custom",
            "role_definition_ids": [],
            "timeouts": null
          },
          "sensitive_attributes": [],
          "identity_schema_version": 0,
          "private": "eyJlMmJmYjczMC1lY2FhLTExZTYtOGY4OC0zNDM2M2JjN2M0YzAiOnsiY3JlYXRlIjoxODAwMDAwMDAwMDAwLCJkZWxldGUiOjE4MDAwMDAwMDAwMDAsInJlYWQiOjMwMDAwMDAwMDAwMCwidXBkYXRlIjoxODAwMDAwMDAwMDAwfX0=",
          "dependencies": [
            "module.org_guardrails.azurerm_management_group.org"
          ]
        }
      ]
    },
    {
      "module": "module.org_guardrails",
      "mode": "managed",
      "type": "azurerm_policy_definition",
      "name": "storage_deny_public_access",
      "provider": "module.org_guardrails.provider[\"registry.terraform.io/hashicorp/azurerm\"]",
      "instances": [
        {
          "schema_version": 0,
          "attributes": {
            "description": "",
            "display_name": "Storage accounts should disable public network access",
            "id": "/providers/Microsoft.Management/managementGroups/mg-ai/providers/Microsoft.Authorization/policyDefinitions/storage-deny-public-network-access",
            "management_group_id": "/providers/Microsoft.Management/managementGroups/mg-ai",
            "metadata": "{\"category\":\"Storage\",\"createdBy\":\"aa4177f7-51f0-49d2-bd48-978c079fd31f\",\"createdOn\":\"2025-08-15T14:20:37.6373166Z\",\"updatedBy\":null,\"updatedOn\":null}",
            "mode": "Indexed",
            "name": "storage-deny-public-network-access",
            "parameters": "",
            "policy_rule": "{\"if\":{\"allOf\":[{\"equals\":\"Microsoft.Storage/storageAccounts\",\"field\":\"type\"},{\"equals\":\"Allow\",\"field\":\"Microsoft.Storage/storageAccounts/networkAcls.defaultAction\"}]},\"then\":{\"effect\":\"deny\"}}",
            "policy_type": "Custom",
            "role_definition_ids": [],
            "timeouts": null
          },
          "sensitive_attributes": [],
          "identity_schema_version": 0,
          "private": "eyJlMmJmYjczMC1lY2FhLTExZTYtOGY4OC0zNDM2M2JjN2M0YzAiOnsiY3JlYXRlIjoxODAwMDAwMDAwMDAwLCJkZWxldGUiOjE4MDAwMDAwMDAwMDAsInJlYWQiOjMwMDAwMDAwMDAwMCwidXBkYXRlIjoxODAwMDAwMDAwMDAwfX0=",
          "dependencies": [
            "module.org_guardrails.azurerm_management_group.org"
          ]
        }
      ]
    }
  ],
  "check_results": null
}
